
Microsoft Visual Studio Solution File, Format Version 12.00
# Visual Studio Version 18
VisualStudioVersion = 18.3.11520.95
MinimumVisualStudioVersion = 10.0.40219.1
Project("{9A19103F-16F7-4668-BE54-9A1E7A4F7556}") = "Radegast", "Radegast\Radegast.csproj", "{F02F3C44-DCFC-964F-0516-85F7F141CCDD}"
	ProjectSection(ProjectDependencies) = postProject
	EndProjectSection
EndProject
Project("{9A19103F-16F7-4668-BE54-9A1E7A4F7556}") = "Radegast.Plugin.Alice", "plugins\Radegast.Plugin.Alice\Radegast.Plugin.Alice.csproj", "{F9B15290-651E-0E8B-2E12-A6E89A3D30F3}"
	ProjectSection(ProjectDependencies) = postProject
		{F02F3C44-DCFC-964F-0516-85F7F141CCDD} = {F02F3C44-DCFC-964F-0516-85F7F141CCDD}
		{9305ECC4-7FFF-1417-686C-AB2754057B83} = {9305ECC4-7FFF-1417-686C-AB2754057B83}
	EndProjectSection
EndProject
Project("{9A19103F-16F7-4668-BE54-9A1E7A4F7556}") = "Radegast.Plugin.SimpleBuilder", "plugins\Radegast.Plugin.SimpleBuilder\Radegast.Plugin.SimpleBuilder.csproj", "{6CADC6BB-D8C5-ADE5-A172-3D7F0D4A427F}"
	ProjectSection(ProjectDependencies) = postProject
		{F02F3C44-DCFC-964F-0516-85F7F141CCDD} = {F02F3C44-DCFC-964F-0516-85F7F141CCDD}
	EndProjectSection
EndProject
Project("{9A19103F-16F7-4668-BE54-9A1E7A4F7556}") = "Radegast.Plugin.IRC", "plugins\Radegast.Plugin.IRC\Radegast.Plugin.IRC.csproj", "{195B1187-85BC-EE94-0E2A-35477A8A2554}"
	ProjectSection(ProjectDependencies) = postProject
		{F02F3C44-DCFC-964F-0516-85F7F141CCDD} = {F02F3C44-DCFC-964F-0516-85F7F141CCDD}
	EndProjectSection
EndProject
Project("{9A19103F-16F7-4668-BE54-9A1E7A4F7556}") = "Radegast.Plugin.Speech", "plugins\Radegast.Plugin.Speech\RadSpeech\Radegast.Plugin.Speech.csproj", "{9305ECC4-7FFF-1417-686C-AB2754057B83}"
	ProjectSection(ProjectDependencies) = postProject
		{F02F3C44-DCFC-964F-0516-85F7F141CCDD} = {F02F3C44-DCFC-964F-0516-85F7F141CCDD}
	EndProjectSection
EndProject
Project("{9A19103F-16F7-4668-BE54-9A1E7A4F7556}") = "RadSpeechLin", "plugins\Radegast.Plugin.Speech\RadSpeechLin\RadSpeechLin.csproj", "{17A48A95-0307-1A3A-AC8C-52F098CEE5BC}"
	ProjectSection(ProjectDependencies) = postProject
		{F02F3C44-DCFC-964F-0516-85F7F141CCDD} = {F02F3C44-DCFC-964F-0516-85F7F141CCDD}
		{9305ECC4-7FFF-1417-686C-AB2754057B83} = {9305ECC4-7FFF-1417-686C-AB2754057B83}
	EndProjectSection
EndProject
Project("{9A19103F-16F7-4668-BE54-9A1E7A4F7556}") = "RadSpeechWin", "plugins\Radegast.Plugin.Speech\RadSpeechWin\RadSpeechWin.csproj", "{E2D28A95-CE35-1A3A-77BB-52F063FDE5BC}"
	ProjectSection(ProjectDependencies) = postProject
		{F02F3C44-DCFC-964F-0516-85F7F141CCDD} = {F02F3C44-DCFC-964F-0516-85F7F141CCDD}
		{9305ECC4-7FFF-1417-686C-AB2754057B83} = {9305ECC4-7FFF-1417-686C-AB2754057B83}
	EndProjectSection
EndProject
Project("{9A19103F-16F7-4668-BE54-9A1E7A4F7556}") = "RadSpeechMac", "plugins\Radegast.Plugin.Speech\RadSpeechMac\RadSpeechMac.csproj", "{45A78A95-310A-1A3A-DA8F-52F0C6D1E5BC}"
	ProjectSection(ProjectDependencies) = postProject
		{F02F3C44-DCFC-964F-0516-85F7F141CCDD} = {F02F3C44-DCFC-964F-0516-85F7F141CCDD}
		{9305ECC4-7FFF-1417-686C-AB2754057B83} = {9305ECC4-7FFF-1417-686C-AB2754057B83}
	EndProjectSection
EndProject
Project("{B7DD6F7E-DEF8-4E67-B5B7-07EF123DB6F0}") = "VelesSetup", "Install\VelesSetup\VelesSetup.wixproj", "{EE100001-0000-0000-0000-000000000000}"
	ProjectSection(ProjectDependencies) = postProject
		{B24160BE-4628-4618-8C41-B64AA1BAEA2C} = {B24160BE-4628-4618-8C41-B64AA1BAEA2C}
	EndProjectSection
EndProject
Project("{B7DD6F7E-DEF8-4E67-B5B7-07EF123DB6F0}") = "VelesBundle", "Install\VelesBundle\VelesBundle.wixproj", "{EE200001-0000-0000-0000-000000000000}"
	ProjectSection(ProjectDependencies) = postProject
		{EE100001-0000-0000-0000-000000000000} = {EE100001-0000-0000-0000-000000000000}
	EndProjectSection
EndProject
Project("{2150E333-8FDC-42A3-9474-1A3956D46DE8}") = "Install", "Install", "{A1000002-0000-0000-0000-000000000000}"
EndProject
Project("{B7DD6F7E-DEF8-4E67-B5B7-07EF123DB6F0}") = "RadegastBundle", "Install\RadegastBundle\RadegastBundle.wixproj", "{CCCC26B5-AA17-47D8-8D5D-707A78EC9A10}"
	ProjectSection(ProjectDependencies) = postProject
		{0F0271AF-0841-45A5-8737-9239550839B7} = {0F0271AF-0841-45A5-8737-9239550839B7}
	EndProjectSection
EndProject
Project("{B7DD6F7E-DEF8-4E67-B5B7-07EF123DB6F0}") = "RadegastSetup", "Install\RadegastSetup\RadegastSetup.wixproj", "{0F0271AF-0841-45A5-8737-9239550839B7}"
	ProjectSection(ProjectDependencies) = postProject
		{195B1187-85BC-EE94-0E2A-35477A8A2554} = {195B1187-85BC-EE94-0E2A-35477A8A2554}
		{F9B15290-651E-0E8B-2E12-A6E89A3D30F3} = {F9B15290-651E-0E8B-2E12-A6E89A3D30F3}
		{E2D28A95-CE35-1A3A-77BB-52F063FDE5BC} = {E2D28A95-CE35-1A3A-77BB-52F063FDE5BC}
		{6CADC6BB-D8C5-ADE5-A172-3D7F0D4A427F} = {6CADC6BB-D8C5-ADE5-A172-3D7F0D4A427F}
		{9305ECC4-7FFF-1417-686C-AB2754057B83} = {9305ECC4-7FFF-1417-686C-AB2754057B83}
	EndProjectSection
EndProject
Project("{2150E333-8FDC-42A3-9474-1A3956D46DE8}") = "Solution Items", "Solution Items", "{08765E83-89EC-45F8-945B-5A1A8F88C92E}"
	ProjectSection(SolutionItems) = preProject
		.appveyor.yml = .appveyor.yml
		.gitignore = .gitignore
		Directory.Build.props = Directory.Build.props
		LICENSE.txt = LICENSE.txt
		.github\workflows\publish.yml = .github\workflows\publish.yml
		README.md = README.md
		.github\workflows\test.yml = .github\workflows\test.yml
		.github\workflows\ci-release-macos.yml = .github\workflows\ci-release-macos.yml
		.github\workflows\ci-release-linux-flatpak.yml = .github\workflows\ci-release-linux-flatpak.yml
	EndProjectSection
EndProject
Project("{FAE04EC0-301F-11D3-BF4B-00C04F79EFBC}") = "Radegast.Core", "Radegast.Core\Radegast.Core.csproj", "{F08F7BF4-013C-476A-A88C-62E9E2E8CC79}"
EndProject
Project("{FAE04EC0-301F-11D3-BF4B-00C04F79EFBC}") = "Radegast.Core.Tests", "Radegast.Core.Tests\Radegast.Core.Tests.csproj", "{84E96860-76E1-40F9-843A-43C9BFB5F080}"
EndProject
Project("{FAE04EC0-301F-11D3-BF4B-00C04F79EFBC}") = "RadegastVeles", "RadegastVeles\RadegastVeles.csproj", "{B24160BE-4628-4618-8C41-B64AA1BAEA2C}"
EndProject
Project("{2150E333-8FDC-42A3-9474-1A3956D46DE8}") = "Veles", "Veles", "{AA000001-0000-0000-0000-000000000000}"
EndProject
Project("{2150E333-8FDC-42A3-9474-1A3956D46DE8}") = "Legacy Radegast", "Legacy Radegast", "{BB000001-0000-0000-0000-000000000000}"
EndProject
Project("{2150E333-8FDC-42A3-9474-1A3956D46DE8}") = "Shared", "Shared", "{CC000001-0000-0000-0000-000000000000}"
EndProject
Project("{2150E333-8FDC-42A3-9474-1A3956D46DE8}") = "Plugins", "Plugins", "{EE000001-0000-0000-0000-000000000000}"
EndProject
Project("{2150E333-8FDC-42A3-9474-1A3956D46DE8}") = "Speech", "Speech", "{FF000001-0000-0000-0000-000000000000}"
EndProject
Project("{2150E333-8FDC-42A3-9474-1A3956D46DE8}") = "Install", "Install", "{A0000001-0000-0000-0000-000000000000}"
EndProject
Project("{FAE04EC0-301F-11D3-BF4B-00C04F79EFBC}") = "Radegast.Veles.PluginApi", "Radegast.Veles.PluginApi\Radegast.Veles.PluginApi.csproj", "{602AA2C1-06D7-41B8-B611-B3933D2A0777}"
EndProject
Project("{FAE04EC0-301F-11D3-BF4B-00C04F79EFBC}") = "Veles.Plugin.Demo", "plugins\Veles.Plugin.Demo\Veles.Plugin.Demo.csproj", "{4310C25D-A571-44D2-912B-55844B09F7C0}"
EndProject
Project("{FAE04EC0-301F-11D3-BF4B-00C04F79EFBC}") = "Veles.Plugin.Automation", "plugins\Veles.Plugin.Automation\Veles.Plugin.Automation.csproj", "{054236E8-C086-448B-8C52-0CEB8CB4A1B2}"
EndProject
Project("{FAE04EC0-301F-11D3-BF4B-00C04F79EFBC}") = "Veles.Plugin.ImportExport", "plugins\Veles.Plugin.ImportExport\Veles.Plugin.ImportExport.csproj", "{2C623B50-9239-4F08-B339-AC077D881365}"
EndProject
Project("{FAE04EC0-301F-11D3-BF4B-00C04F79EFBC}") = "Veles.Plugin.IRC", "plugins\Veles.Plugin.IRC\Veles.Plugin.IRC.csproj", "{F314BB97-D9B0-4E8A-AE22-2E75853B6A18}"
EndProject
Project("{2150E333-8FDC-42A3-9474-1A3956D46DE8}") = "plugins", "plugins", "{01A3B310-151E-EE70-5CF3-590CE82F86DA}"
EndProject
Project("{FAE04EC0-301F-11D3-BF4B-00C04F79EFBC}") = "Veles.Plugin.Discord", "plugins\Veles.Plugin.Discord\Veles.Plugin.Discord.csproj", "{F7843198-B57E-4516-AB8A-98FB0DE54D87}"
EndProject
Project("{FAE04EC0-301F-11D3-BF4B-00C04F79EFBC}") = "Veles.Plugin.Email", "plugins\Veles.Plugin.Email\Veles.Plugin.Email.csproj", "{17D1DC5B-6CEE-FF16-3F2D-C95A9140806E}"
EndProject
Project("{FAE04EC0-301F-11D3-BF4B-00C04F79EFBC}") = "Veles.Plugin.OllamaChat", "plugins\Veles.Plugin.OllamaChat\Veles.Plugin.OllamaChat.csproj", "{1E5CB5BD-4542-48E0-8AA5-EC3E89D7A187}"
EndProject
Project("{FAE04EC0-301F-11D3-BF4B-00C04F79EFBC}") = "SkeletonGenerator", "libremetaverse\SourceGenerators\SkeletonGenerator\SkeletonGenerator.csproj", "{DED0B0B0-A1CF-4DBE-BC18-77B2203CC65D}"
EndProject
Global
	GlobalSection(SolutionConfigurationPlatforms) = preSolution
		Debug|Any CPU = Debug|Any CPU
		Debug|ARM64 = Debug|ARM64
		Debug|x64 = Debug|x64
		Debug|x86 = Debug|x86
		LegacyRadegast|Any CPU = LegacyRadegast|Any CPU
		LegacyRadegast|ARM64 = LegacyRadegast|ARM64
		LegacyRadegast|x64 = LegacyRadegast|x64
		LegacyRadegast|x86 = LegacyRadegast|x86
		RadegastLinux|Any CPU = RadegastLinux|Any CPU
		RadegastLinux|ARM64 = RadegastLinux|ARM64
		RadegastLinux|x64 = RadegastLinux|x64
		RadegastLinux|x86 = RadegastLinux|x86
		RadegastMacOS|Any CPU = RadegastMacOS|Any CPU
		RadegastMacOS|ARM64 = RadegastMacOS|ARM64
		RadegastMacOS|x64 = RadegastMacOS|x64
		RadegastMacOS|x86 = RadegastMacOS|x86
		RadegastWindows|Any CPU = RadegastWindows|Any CPU
		RadegastWindows|ARM64 = RadegastWindows|ARM64
		RadegastWindows|x64 = RadegastWindows|x64
		RadegastWindows|x86 = RadegastWindows|x86
		Release|Any CPU = Release|Any CPU
		Release|ARM64 = Release|ARM64
		Release|x64 = Release|x64
		Release|x86 = Release|x86
	EndGlobalSection
	GlobalSection(ProjectConfigurationPlatforms) = postSolution
		{F02F3C44-DCFC-964F-0516-85F7F141CCDD}.Debug|Any CPU.ActiveCfg = Debug|Any CPU
		{F02F3C44-DCFC-964F-0516-85F7F141CCDD}.Debug|Any CPU.Build.0 = Debug|Any CPU
		{F02F3C44-DCFC-964F-0516-85F7F141CCDD}.Debug|ARM64.ActiveCfg = Debug|ARM64
		{F02F3C44-DCFC-964F-0516-85F7F141CCDD}.Debug|ARM64.Build.0 = Debug|ARM64
		{F02F3C44-DCFC-964F-0516-85F7F141CCDD}.Debug|x64.ActiveCfg = Debug|x64
		{F02F3C44-DCFC-964F-0516-85F7F141CCDD}.Debug|x64.Build.0 = Debug|x64
		{F02F3C44-DCFC-964F-0516-85F7F141CCDD}.Debug|x86.ActiveCfg = Debug|x86
		{F02F3C44-DCFC-964F-0516-85F7F141CCDD}.Debug|x86.Build.0 = Debug|x86
		{F02F3C44-DCFC-964F-0516-85F7F141CCDD}.LegacyRadegast|Any CPU.ActiveCfg = Release|Any CPU
		{F02F3C44-DCFC-964F-0516-85F7F141CCDD}.LegacyRadegast|Any CPU.Build.0 = Release|Any CPU
		{F02F3C44-DCFC-964F-0516-85F7F141CCDD}.LegacyRadegast|ARM64.ActiveCfg = Release|ARM64
		{F02F3C44-DCFC-964F-0516-85F7F141CCDD}.LegacyRadegast|ARM64.Build.0 = Release|ARM64
		{F02F3C44-DCFC-964F-0516-85F7F141CCDD}.LegacyRadegast|x64.ActiveCfg = Release|x64
		{F02F3C44-DCFC-964F-0516-85F7F141CCDD}.LegacyRadegast|x64.Build.0 = Release|x64
		{F02F3C44-DCFC-964F-0516-85F7F141CCDD}.LegacyRadegast|x86.ActiveCfg = Release|x86
		{F02F3C44-DCFC-964F-0516-85F7F141CCDD}.LegacyRadegast|x86.Build.0 = Release|x86
		{F02F3C44-DCFC-964F-0516-85F7F141CCDD}.RadegastLinux|Any CPU.ActiveCfg = Release|Any CPU
		{F02F3C44-DCFC-964F-0516-85F7F141CCDD}.RadegastLinux|ARM64.ActiveCfg = Release|ARM64
		{F02F3C44-DCFC-964F-0516-85F7F141CCDD}.RadegastLinux|x64.ActiveCfg = Release|x64
		{F02F3C44-DCFC-964F-0516-85F7F141CCDD}.RadegastLinux|x86.ActiveCfg = Release|x86
		{F02F3C44-DCFC-964F-0516-85F7F141CCDD}.RadegastMacOS|Any CPU.ActiveCfg = Release|Any CPU
		{F02F3C44-DCFC-964F-0516-85F7F141CCDD}.RadegastMacOS|ARM64.ActiveCfg = Release|ARM64
		{F02F3C44-DCFC-964F-0516-85F7F141CCDD}.RadegastMacOS|x64.ActiveCfg = Release|x64
		{F02F3C44-DCFC-964F-0516-85F7F141CCDD}.RadegastMacOS|x86.ActiveCfg = Release|x86
		{F02F3C44-DCFC-964F-0516-85F7F141CCDD}.RadegastWindows|Any CPU.ActiveCfg = Release|Any CPU
		{F02F3C44-DCFC-964F-0516-85F7F141CCDD}.RadegastWindows|ARM64.ActiveCfg = Release|ARM64
		{F02F3C44-DCFC-964F-0516-85F7F141CCDD}.RadegastWindows|x64.ActiveCfg = Release|x64
		{F02F3C44-DCFC-964F-0516-85F7F141CCDD}.RadegastWindows|x86.ActiveCfg = Release|x86
		{F02F3C44-DCFC-964F-0516-85F7F141CCDD}.Release|Any CPU.ActiveCfg = Release|Any CPU
		{F02F3C44-DCFC-964F-0516-85F7F141CCDD}.Release|Any CPU.Build.0 = Release|Any CPU
		{F02F3C44-DCFC-964F-0516-85F7F141CCDD}.Release|ARM64.ActiveCfg = Release|Any CPU
		{F02F3C44-DCFC-964F-0516-85F7F141CCDD}.Release|ARM64.Build.0 = Release|Any CPU
		{F02F3C44-DCFC-964F-0516-85F7F141CCDD}.Release|x64.ActiveCfg = Release|Any CPU
		{F02F3C44-DCFC-964F-0516-85F7F141CCDD}.Release|x64.Build.0 = Release|Any CPU
		{F02F3C44-DCFC-964F-0516-85F7F141CCDD}.Release|x86.ActiveCfg = Release|Any CPU
		{F02F3C44-DCFC-964F-0516-85F7F141CCDD}.Release|x86.Build.0 = Release|Any CPU
		{F9B15290-651E-0E8B-2E12-A6E89A3D30F3}.Debug|Any CPU.ActiveCfg = Debug|Any CPU
		{F9B15290-651E-0E8B-2E12-A6E89A3D30F3}.Debug|Any CPU.Build.0 = Debug|Any CPU
		{F9B15290-651E-0E8B-2E12-A6E89A3D30F3}.Debug|ARM64.ActiveCfg = Debug|ARM64
		{F9B15290-651E-0E8B-2E12-A6E89A3D30F3}.Debug|ARM64.Build.0 = Debug|ARM64
		{F9B15290-651E-0E8B-2E12-A6E89A3D30F3}.Debug|x64.ActiveCfg = Debug|x64
		{F9B15290-651E-0E8B-2E12-A6E89A3D30F3}.Debug|x64.Build.0 = Debug|x64
		{F9B15290-651E-0E8B-2E12-A6E89A3D30F3}.Debug|x86.ActiveCfg = Debug|x86
		{F9B15290-651E-0E8B-2E12-A6E89A3D30F3}.Debug|x86.Build.0 = Debug|x86
		{F9B15290-651E-0E8B-2E12-A6E89A3D30F3}.LegacyRadegast|Any CPU.ActiveCfg = Release|Any CPU
		{F9B15290-651E-0E8B-2E12-A6E89A3D30F3}.LegacyRadegast|Any CPU.Build.0 = Release|Any CPU
		{F9B15290-651E-0E8B-2E12-A6E89A3D30F3}.LegacyRadegast|ARM64.ActiveCfg = Release|ARM64
		{F9B15290-651E-0E8B-2E12-A6E89A3D30F3}.LegacyRadegast|ARM64.Build.0 = Release|ARM64
		{F9B15290-651E-0E8B-2E12-A6E89A3D30F3}.LegacyRadegast|x64.ActiveCfg = Release|x64
		{F9B15290-651E-0E8B-2E12-A6E89A3D30F3}.LegacyRadegast|x64.Build.0 = Release|x64
		{F9B15290-651E-0E8B-2E12-A6E89A3D30F3}.LegacyRadegast|x86.ActiveCfg = Release|x86
		{F9B15290-651E-0E8B-2E12-A6E89A3D30F3}.LegacyRadegast|x86.Build.0 = Release|x86
		{F9B15290-651E-0E8B-2E12-A6E89A3D30F3}.RadegastLinux|Any CPU.ActiveCfg = Release|Any CPU
		{F9B15290-651E-0E8B-2E12-A6E89A3D30F3}.RadegastLinux|ARM64.ActiveCfg = Release|ARM64
		{F9B15290-651E-0E8B-2E12-A6E89A3D30F3}.RadegastLinux|x64.ActiveCfg = Release|x64
		{F9B15290-651E-0E8B-2E12-A6E89A3D30F3}.RadegastLinux|x86.ActiveCfg = Release|x86
		{F9B15290-651E-0E8B-2E12-A6E89A3D30F3}.RadegastMacOS|Any CPU.ActiveCfg = Release|Any CPU
		{F9B15290-651E-0E8B-2E12-A6E89A3D30F3}.RadegastMacOS|ARM64.ActiveCfg = Release|ARM64
		{F9B15290-651E-0E8B-2E12-A6E89A3D30F3}.RadegastMacOS|x64.ActiveCfg = Release|x64
		{F9B15290-651E-0E8B-2E12-A6E89A3D30F3}.RadegastMacOS|x86.ActiveCfg = Release|x86
		{F9B15290-651E-0E8B-2E12-A6E89A3D30F3}.RadegastWindows|Any CPU.ActiveCfg = Release|Any CPU
		{F9B15290-651E-0E8B-2E12-A6E89A3D30F3}.RadegastWindows|ARM64.ActiveCfg = Release|ARM64
		{F9B15290-651E-0E8B-2E12-A6E89A3D30F3}.RadegastWindows|x64.ActiveCfg = Release|x64
		{F9B15290-651E-0E8B-2E12-A6E89A3D30F3}.RadegastWindows|x86.ActiveCfg = Release|x86
		{F9B15290-651E-0E8B-2E12-A6E89A3D30F3}.Release|Any CPU.ActiveCfg = Release|Any CPU
		{F9B15290-651E-0E8B-2E12-A6E89A3D30F3}.Release|Any CPU.Build.0 = Release|Any CPU
		{F9B15290-651E-0E8B-2E12-A6E89A3D30F3}.Release|ARM64.ActiveCfg = Release|Any CPU
		{F9B15290-651E-0E8B-2E12-A6E89A3D30F3}.Release|ARM64.Build.0 = Release|Any CPU
		{F9B15290-651E-0E8B-2E12-A6E89A3D30F3}.Release|x64.ActiveCfg = Release|Any CPU
		{F9B15290-651E-0E8B-2E12-A6E89A3D30F3}.Release|x64.Build.0 = Release|Any CPU
		{F9B15290-651E-0E8B-2E12-A6E89A3D30F3}.Release|x86.ActiveCfg = Release|Any CPU
		{F9B15290-651E-0E8B-2E12-A6E89A3D30F3}.Release|x86.Build.0 = Release|Any CPU
		{6CADC6BB-D8C5-ADE5-A172-3D7F0D4A427F}.Debug|Any CPU.ActiveCfg = Debug|Any CPU
		{6CADC6BB-D8C5-ADE5-A172-3D7F0D4A427F}.Debug|Any CPU.Build.0 = Debug|Any CPU
		{6CADC6BB-D8C5-ADE5-A172-3D7F0D4A427F}.Debug|ARM64.ActiveCfg = Debug|ARM64
		{6CADC6BB-D8C5-ADE5-A172-3D7F0D4A427F}.Debug|ARM64.Build.0 = Debug|ARM64
		{6CADC6BB-D8C5-ADE5-A172-3D7F0D4A427F}.Debug|x64.ActiveCfg = Debug|x64
		{6CADC6BB-D8C5-ADE5-A172-3D7F0D4A427F}.Debug|x64.Build.0 = Debug|x64
		{6CADC6BB-D8C5-ADE5-A172-3D7F0D4A427F}.Debug|x86.ActiveCfg = Debug|x86
		{6CADC6BB-D8C5-ADE5-A172-3D7F0D4A427F}.Debug|x86.Build.0 = Debug|x86
		{6CADC6BB-D8C5-ADE5-A172-3D7F0D4A427F}.LegacyRadegast|Any CPU.ActiveCfg = Release|Any CPU
		{6CADC6BB-D8C5-ADE5-A172-3D7F0D4A427F}.LegacyRadegast|Any CPU.Build.0 = Release|Any CPU
		{6CADC6BB-D8C5-ADE5-A172-3D7F0D4A427F}.LegacyRadegast|ARM64.ActiveCfg = Release|ARM64
		{6CADC6BB-D8C5-ADE5-A172-3D7F0D4A427F}.LegacyRadegast|ARM64.Build.0 = Release|ARM64
		{6CADC6BB-D8C5-ADE5-A172-3D7F0D4A427F}.LegacyRadegast|x64.ActiveCfg = Release|x64
		{6CADC6BB-D8C5-ADE5-A172-3D7F0D4A427F}.LegacyRadegast|x64.Build.0 = Release|x64
		{6CADC6BB-D8C5-ADE5-A172-3D7F0D4A427F}.LegacyRadegast|x86.ActiveCfg = Release|x86
		{6CADC6BB-D8C5-ADE5-A172-3D7F0D4A427F}.LegacyRadegast|x86.Build.0 = Release|x86
		{6CADC6BB-D8C5-ADE5-A172-3D7F0D4A427F}.RadegastLinux|Any CPU.ActiveCfg = Release|Any CPU
		{6CADC6BB-D8C5-ADE5-A172-3D7F0D4A427F}.RadegastLinux|ARM64.ActiveCfg = Release|ARM64
		{6CADC6BB-D8C5-ADE5-A172-3D7F0D4A427F}.RadegastLinux|x64.ActiveCfg = Release|x64
		{6CADC6BB-D8C5-ADE5-A172-3D7F0D4A427F}.RadegastLinux|x86.ActiveCfg = Release|x86
		{6CADC6BB-D8C5-ADE5-A172-3D7F0D4A427F}.RadegastMacOS|Any CPU.ActiveCfg = Release|Any CPU
		{6CADC6BB-D8C5-ADE5-A172-3D7F0D4A427F}.RadegastMacOS|ARM64.ActiveCfg = Release|ARM64
		{6CADC6BB-D8C5-ADE5-A172-3D7F0D4A427F}.RadegastMacOS|x64.ActiveCfg = Release|x64
		{6CADC6BB-D8C5-ADE5-A172-3D7F0D4A427F}.RadegastMacOS|x86.ActiveCfg = Release|x86
		{6CADC6BB-D8C5-ADE5-A172-3D7F0D4A427F}.RadegastWindows|Any CPU.ActiveCfg = Release|Any CPU
		{6CADC6BB-D8C5-ADE5-A172-3D7F0D4A427F}.RadegastWindows|ARM64.ActiveCfg = Release|ARM64
		{6CADC6BB-D8C5-ADE5-A172-3D7F0D4A427F}.RadegastWindows|x64.ActiveCfg = Release|x64
		{6CADC6BB-D8C5-ADE5-A172-3D7F0D4A427F}.RadegastWindows|x86.ActiveCfg = Release|x86
		{6CADC6BB-D8C5-ADE5-A172-3D7F0D4A427F}.Release|Any CPU.ActiveCfg = Release|Any CPU
		{6CADC6BB-D8C5-ADE5-A172-3D7F0D4A427F}.Release|Any CPU.Build.0 = Release|Any CPU
		{6CADC6BB-D8C5-ADE5-A172-3D7F0D4A427F}.Release|ARM64.ActiveCfg = Release|Any CPU
		{6CADC6BB-D8C5-ADE5-A172-3D7F0D4A427F}.Release|ARM64.Build.0 = Release|Any CPU
		{6CADC6BB-D8C5-ADE5-A172-3D7F0D4A427F}.Release|x64.ActiveCfg = Release|Any CPU
		{6CADC6BB-D8C5-ADE5-A172-3D7F0D4A427F}.Release|x64.Build.0 = Release|Any CPU
		{6CADC6BB-D8C5-ADE5-A172-3D7F0D4A427F}.Release|x86.ActiveCfg = Release|Any CPU
		{6CADC6BB-D8C5-ADE5-A172-3D7F0D4A427F}.Release|x86.Build.0 = Release|Any CPU
		{195B1187-85BC-EE94-0E2A-35477A8A2554}.Debug|Any CPU.ActiveCfg = Debug|Any CPU
		{195B1187-85BC-EE94-0E2A-35477A8A2554}.Debug|Any CPU.Build.0 = Debug|Any CPU
		{195B1187-85BC-EE94-0E2A-35477A8A2554}.Debug|ARM64.ActiveCfg = Debug|ARM64
		{195B1187-85BC-EE94-0E2A-35477A8A2554}.Debug|ARM64.Build.0 = Debug|ARM64
		{195B1187-85BC-EE94-0E2A-35477A8A2554}.Debug|x64.ActiveCfg = Debug|x64
		{195B1187-85BC-EE94-0E2A-35477A8A2554}.Debug|x64.Build.0 = Debug|x64
		{195B1187-85BC-EE94-0E2A-35477A8A2554}.Debug|x86.ActiveCfg = Debug|x86
		{195B1187-85BC-EE94-0E2A-35477A8A2554}.Debug|x86.Build.0 = Debug|x86
		{195B1187-85BC-EE94-0E2A-35477A8A2554}.LegacyRadegast|Any CPU.ActiveCfg = Release|Any CPU
		{195B1187-85BC-EE94-0E2A-35477A8A2554}.LegacyRadegast|Any CPU.Build.0 = Release|Any CPU
		{195B1187-85BC-EE94-0E2A-35477A8A2554}.LegacyRadegast|ARM64.ActiveCfg = Release|ARM64
		{195B1187-85BC-EE94-0E2A-35477A8A2554}.LegacyRadegast|ARM64.Build.0 = Release|ARM64
		{195B1187-85BC-EE94-0E2A-35477A8A2554}.LegacyRadegast|x64.ActiveCfg = Release|x64
		{195B1187-85BC-EE94-0E2A-35477A8A2554}.LegacyRadegast|x64.Build.0 = Release|x64
		{195B1187-85BC-EE94-0E2A-35477A8A2554}.LegacyRadegast|x86.ActiveCfg = Release|x86
		{195B1187-85BC-EE94-0E2A-35477A8A2554}.LegacyRadegast|x86.Build.0 = Release|x86
		{195B1187-85BC-EE94-0E2A-35477A8A2554}.RadegastLinux|Any CPU.ActiveCfg = Release|Any CPU
		{195B1187-85BC-EE94-0E2A-35477A8A2554}.RadegastLinux|ARM64.ActiveCfg = Release|ARM64
		{195B1187-85BC-EE94-0E2A-35477A8A2554}.RadegastLinux|x64.ActiveCfg = Release|x64
		{195B1187-85BC-EE94-0E2A-35477A8A2554}.RadegastLinux|x86.ActiveCfg = Release|x86
		{195B1187-85BC-EE94-0E2A-35477A8A2554}.RadegastMacOS|Any CPU.ActiveCfg = Release|Any CPU
		{195B1187-85BC-EE94-0E2A-35477A8A2554}.RadegastMacOS|ARM64.ActiveCfg = Release|ARM64
		{195B1187-85BC-EE94-0E2A-35477A8A2554}.RadegastMacOS|x64.ActiveCfg = Release|x64
		{195B1187-85BC-EE94-0E2A-35477A8A2554}.RadegastMacOS|x86.ActiveCfg = Release|x86
		{195B1187-85BC-EE94-0E2A-35477A8A2554}.RadegastWindows|Any CPU.ActiveCfg = Release|Any CPU
		{195B1187-85BC-EE94-0E2A-35477A8A2554}.RadegastWindows|ARM64.ActiveCfg = Release|ARM64
		{195B1187-85BC-EE94-0E2A-35477A8A2554}.RadegastWindows|x64.ActiveCfg = Release|x64
		{195B1187-85BC-EE94-0E2A-35477A8A2554}.RadegastWindows|x86.ActiveCfg = Release|x86
		{195B1187-85BC-EE94-0E2A-35477A8A2554}.Release|Any CPU.ActiveCfg = Release|Any CPU
		{195B1187-85BC-EE94-0E2A-35477A8A2554}.Release|Any CPU.Build.0 = Release|Any CPU
		{195B1187-85BC-EE94-0E2A-35477A8A2554}.Release|ARM64.ActiveCfg = Release|Any CPU
		{195B1187-85BC-EE94-0E2A-35477A8A2554}.Release|ARM64.Build.0 = Release|Any CPU
		{195B1187-85BC-EE94-0E2A-35477A8A2554}.Release|x64.ActiveCfg = Release|Any CPU
		{195B1187-85BC-EE94-0E2A-35477A8A2554}.Release|x64.Build.0 = Release|Any CPU
		{195B1187-85BC-EE94-0E2A-35477A8A2554}.Release|x86.ActiveCfg = Release|Any CPU
		{195B1187-85BC-EE94-0E2A-35477A8A2554}.Release|x86.Build.0 = Release|Any CPU
		{9305ECC4-7FFF-1417-686C-AB2754057B83}.Debug|Any CPU.ActiveCfg = Debug|Any CPU
		{9305ECC4-7FFF-1417-686C-AB2754057B83}.Debug|Any CPU.Build.0 = Debug|Any CPU
		{9305ECC4-7FFF-1417-686C-AB2754057B83}.Debug|ARM64.ActiveCfg = Debug|ARM64
		{9305ECC4-7FFF-1417-686C-AB2754057B83}.Debug|ARM64.Build.0 = Debug|ARM64
		{9305ECC4-7FFF-1417-686C-AB2754057B83}.Debug|x64.ActiveCfg = Debug|x64
		{9305ECC4-7FFF-1417-686C-AB2754057B83}.Debug|x64.Build.0 = Debug|x64
		{9305ECC4-7FFF-1417-686C-AB2754057B83}.Debug|x86.ActiveCfg = Debug|x86
		{9305ECC4-7FFF-1417-686C-AB2754057B83}.Debug|x86.Build.0 = Debug|x86
		{9305ECC4-7FFF-1417-686C-AB2754057B83}.LegacyRadegast|Any CPU.ActiveCfg = Release|Any CPU
		{9305ECC4-7FFF-1417-686C-AB2754057B83}.LegacyRadegast|Any CPU.Build.0 = Release|Any CPU
		{9305ECC4-7FFF-1417-686C-AB2754057B83}.LegacyRadegast|ARM64.ActiveCfg = Release|ARM64
		{9305ECC4-7FFF-1417-686C-AB2754057B83}.LegacyRadegast|ARM64.Build.0 = Release|ARM64
		{9305ECC4-7FFF-1417-686C-AB2754057B83}.LegacyRadegast|x64.ActiveCfg = Release|x64
		{9305ECC4-7FFF-1417-686C-AB2754057B83}.LegacyRadegast|x64.Build.0 = Release|x64
		{9305ECC4-7FFF-1417-686C-AB2754057B83}.LegacyRadegast|x86.ActiveCfg = Release|x86
		{9305ECC4-7FFF-1417-686C-AB2754057B83}.LegacyRadegast|x86.Build.0 = Release|x86
		{9305ECC4-7FFF-1417-686C-AB2754057B83}.RadegastLinux|Any CPU.ActiveCfg = Release|Any CPU
		{9305ECC4-7FFF-1417-686C-AB2754057B83}.RadegastLinux|ARM64.ActiveCfg = Release|ARM64
		{9305ECC4-7FFF-1417-686C-AB2754057B83}.RadegastLinux|x64.ActiveCfg = Release|x64
		{9305ECC4-7FFF-1417-686C-AB2754057B83}.RadegastLinux|x86.ActiveCfg = Release|x86
		{9305ECC4-7FFF-1417-686C-AB2754057B83}.RadegastMacOS|Any CPU.ActiveCfg = Release|Any CPU
		{9305ECC4-7FFF-1417-686C-AB2754057B83}.RadegastMacOS|ARM64.ActiveCfg = Release|ARM64
		{9305ECC4-7FFF-1417-686C-AB2754057B83}.RadegastMacOS|x64.ActiveCfg = Release|x64
		{9305ECC4-7FFF-1417-686C-AB2754057B83}.RadegastMacOS|x86.ActiveCfg = Release|x86
		{9305ECC4-7FFF-1417-686C-AB2754057B83}.RadegastWindows|Any CPU.ActiveCfg = Release|Any CPU
		{9305ECC4-7FFF-1417-686C-AB2754057B83}.RadegastWindows|ARM64.ActiveCfg = Release|ARM64
		{9305ECC4-7FFF-1417-686C-AB2754057B83}.RadegastWindows|x64.ActiveCfg = Release|x64
		{9305ECC4-7FFF-1417-686C-AB2754057B83}.RadegastWindows|x86.ActiveCfg = Release|x86
		{9305ECC4-7FFF-1417-686C-AB2754057B83}.Release|Any CPU.ActiveCfg = Release|Any CPU
		{9305ECC4-7FFF-1417-686C-AB2754057B83}.Release|Any CPU.Build.0 = Release|Any CPU
		{9305ECC4-7FFF-1417-686C-AB2754057B83}.Release|ARM64.ActiveCfg = Release|Any CPU
		{9305ECC4-7FFF-1417-686C-AB2754057B83}.Release|ARM64.Build.0 = Release|Any CPU
		{9305ECC4-7FFF-1417-686C-AB2754057B83}.Release|x64.ActiveCfg = Release|Any CPU
		{9305ECC4-7FFF-1417-686C-AB2754057B83}.Release|x64.Build.0 = Release|Any CPU
		{9305ECC4-7FFF-1417-686C-AB2754057B83}.Release|x86.ActiveCfg = Release|Any CPU
		{9305ECC4-7FFF-1417-686C-AB2754057B83}.Release|x86.Build.0 = Release|Any CPU
		{17A48A95-0307-1A3A-AC8C-52F098CEE5BC}.Debug|Any CPU.ActiveCfg = Debug|Any CPU
		{17A48A95-0307-1A3A-AC8C-52F098CEE5BC}.Debug|Any CPU.Build.0 = Debug|Any CPU
		{17A48A95-0307-1A3A-AC8C-52F098CEE5BC}.Debug|ARM64.ActiveCfg = Debug|ARM64
		{17A48A95-0307-1A3A-AC8C-52F098CEE5BC}.Debug|ARM64.Build.0 = Debug|ARM64
		{17A48A95-0307-1A3A-AC8C-52F098CEE5BC}.Debug|x64.ActiveCfg = Debug|x64
		{17A48A95-0307-1A3A-AC8C-52F098CEE5BC}.Debug|x64.Build.0 = Debug|x64
		{17A48A95-0307-1A3A-AC8C-52F098CEE5BC}.Debug|x86.ActiveCfg = Debug|x86
		{17A48A95-0307-1A3A-AC8C-52F098CEE5BC}.Debug|x86.Build.0 = Debug|x86
		{17A48A95-0307-1A3A-AC8C-52F098CEE5BC}.LegacyRadegast|Any CPU.ActiveCfg = Release|Any CPU
		{17A48A95-0307-1A3A-AC8C-52F098CEE5BC}.LegacyRadegast|Any CPU.Build.0 = Release|Any CPU
		{17A48A95-0307-1A3A-AC8C-52F098CEE5BC}.LegacyRadegast|ARM64.ActiveCfg = Release|ARM64
		{17A48A95-0307-1A3A-AC8C-52F098CEE5BC}.LegacyRadegast|ARM64.Build.0 = Release|ARM64
		{17A48A95-0307-1A3A-AC8C-52F098CEE5BC}.LegacyRadegast|x64.ActiveCfg = Release|x64
		{17A48A95-0307-1A3A-AC8C-52F098CEE5BC}.LegacyRadegast|x64.Build.0 = Release|x64
		{17A48A95-0307-1A3A-AC8C-52F098CEE5BC}.LegacyRadegast|x86.ActiveCfg = Release|x86
		{17A48A95-0307-1A3A-AC8C-52F098CEE5BC}.LegacyRadegast|x86.Build.0 = Release|x86
		{17A48A95-0307-1A3A-AC8C-52F098CEE5BC}.RadegastLinux|Any CPU.ActiveCfg = Release|Any CPU
		{17A48A95-0307-1A3A-AC8C-52F098CEE5BC}.RadegastLinux|ARM64.ActiveCfg = Release|ARM64
		{17A48A95-0307-1A3A-AC8C-52F098CEE5BC}.RadegastLinux|x64.ActiveCfg = Release|x64
		{17A48A95-0307-1A3A-AC8C-52F098CEE5BC}.RadegastLinux|x86.ActiveCfg = Release|x86
		{17A48A95-0307-1A3A-AC8C-52F098CEE5BC}.RadegastMacOS|Any CPU.ActiveCfg = Release|Any CPU
		{17A48A95-0307-1A3A-AC8C-52F098CEE5BC}.RadegastMacOS|ARM64.ActiveCfg = Release|ARM64
		{17A48A95-0307-1A3A-AC8C-52F098CEE5BC}.RadegastMacOS|x64.ActiveCfg = Release|x64
		{17A48A95-0307-1A3A-AC8C-52F098CEE5BC}.RadegastMacOS|x86.ActiveCfg = Release|x86
		{17A48A95-0307-1A3A-AC8C-52F098CEE5BC}.RadegastWindows|Any CPU.ActiveCfg = Release|Any CPU
		{17A48A95-0307-1A3A-AC8C-52F098CEE5BC}.RadegastWindows|ARM64.ActiveCfg = Release|ARM64
		{17A48A95-0307-1A3A-AC8C-52F098CEE5BC}.RadegastWindows|x64.ActiveCfg = Release|x64
		{17A48A95-0307-1A3A-AC8C-52F098CEE5BC}.RadegastWindows|x86.ActiveCfg = Release|x86
		{17A48A95-0307-1A3A-AC8C-52F098CEE5BC}.Release|Any CPU.ActiveCfg = Release|Any CPU
		{17A48A95-0307-1A3A-AC8C-52F098CEE5BC}.Release|Any CPU.Build.0 = Release|Any CPU
		{17A48A95-0307-1A3A-AC8C-52F098CEE5BC}.Release|ARM64.ActiveCfg = Release|Any CPU
		{17A48A95-0307-1A3A-AC8C-52F098CEE5BC}.Release|ARM64.Build.0 = Release|Any CPU
		{17A48A95-0307-1A3A-AC8C-52F098CEE5BC}.Release|x64.ActiveCfg = Release|Any CPU
		{17A48A95-0307-1A3A-AC8C-52F098CEE5BC}.Release|x64.Build.0 = Release|Any CPU
		{17A48A95-0307-1A3A-AC8C-52F098CEE5BC}.Release|x86.ActiveCfg = Release|Any CPU
		{17A48A95-0307-1A3A-AC8C-52F098CEE5BC}.Release|x86.Build.0 = Release|Any CPU
		{E2D28A95-CE35-1A3A-77BB-52F063FDE5BC}.Debug|Any CPU.ActiveCfg = Debug|Any CPU
		{E2D28A95-CE35-1A3A-77BB-52F063FDE5BC}.Debug|Any CPU.Build.0 = Debug|Any CPU
		{E2D28A95-CE35-1A3A-77BB-52F063FDE5BC}.Debug|ARM64.ActiveCfg = Debug|ARM64
		{E2D28A95-CE35-1A3A-77BB-52F063FDE5BC}.Debug|ARM64.Build.0 = Debug|ARM64
		{E2D28A95-CE35-1A3A-77BB-52F063FDE5BC}.Debug|x64.ActiveCfg = Debug|x64
		{E2D28A95-CE35-1A3A-77BB-52F063FDE5BC}.Debug|x64.Build.0 = Debug|x64
		{E2D28A95-CE35-1A3A-77BB-52F063FDE5BC}.Debug|x86.ActiveCfg = Debug|x86
		{E2D28A95-CE35-1A3A-77BB-52F063FDE5BC}.Debug|x86.Build.0 = Debug|x86
		{E2D28A95-CE35-1A3A-77BB-52F063FDE5BC}.LegacyRadegast|Any CPU.ActiveCfg = Release|Any CPU
		{E2D28A95-CE35-1A3A-77BB-52F063FDE5BC}.LegacyRadegast|Any CPU.Build.0 = Release|Any CPU
		{E2D28A95-CE35-1A3A-77BB-52F063FDE5BC}.LegacyRadegast|ARM64.ActiveCfg = Release|ARM64
		{E2D28A95-CE35-1A3A-77BB-52F063FDE5BC}.LegacyRadegast|ARM64.Build.0 = Release|ARM64
		{E2D28A95-CE35-1A3A-77BB-52F063FDE5BC}.LegacyRadegast|x64.ActiveCfg = Release|x64
		{E2D28A95-CE35-1A3A-77BB-52F063FDE5BC}.LegacyRadegast|x64.Build.0 = Release|x64
		{E2D28A95-CE35-1A3A-77BB-52F063FDE5BC}.LegacyRadegast|x86.ActiveCfg = Release|x86
		{E2D28A95-CE35-1A3A-77BB-52F063FDE5BC}.LegacyRadegast|x86.Build.0 = Release|x86
		{E2D28A95-CE35-1A3A-77BB-52F063FDE5BC}.RadegastLinux|Any CPU.ActiveCfg = Release|Any CPU
		{E2D28A95-CE35-1A3A-77BB-52F063FDE5BC}.RadegastLinux|ARM64.ActiveCfg = Release|ARM64
		{E2D28A95-CE35-1A3A-77BB-52F063FDE5BC}.RadegastLinux|x64.ActiveCfg = Release|x64
		{E2D28A95-CE35-1A3A-77BB-52F063FDE5BC}.RadegastLinux|x86.ActiveCfg = Release|x86
		{E2D28A95-CE35-1A3A-77BB-52F063FDE5BC}.RadegastMacOS|Any CPU.ActiveCfg = Release|Any CPU
		{E2D28A95-CE35-1A3A-77BB-52F063FDE5BC}.RadegastMacOS|ARM64.ActiveCfg = Release|ARM64
		{E2D28A95-CE35-1A3A-77BB-52F063FDE5BC}.RadegastMacOS|x64.ActiveCfg = Release|x64
		{E2D28A95-CE35-1A3A-77BB-52F063FDE5BC}.RadegastMacOS|x86.ActiveCfg = Release|x86
		{E2D28A95-CE35-1A3A-77BB-52F063FDE5BC}.RadegastWindows|Any CPU.ActiveCfg = Release|Any CPU
		{E2D28A95-CE35-1A3A-77BB-52F063FDE5BC}.RadegastWindows|ARM64.ActiveCfg = Release|ARM64
		{E2D28A95-CE35-1A3A-77BB-52F063FDE5BC}.RadegastWindows|x64.ActiveCfg = Release|x64
		{E2D28A95-CE35-1A3A-77BB-52F063FDE5BC}.RadegastWindows|x86.ActiveCfg = Release|x86
		{E2D28A95-CE35-1A3A-77BB-52F063FDE5BC}.Release|Any CPU.ActiveCfg = Release|Any CPU
		{E2D28A95-CE35-1A3A-77BB-52F063FDE5BC}.Release|Any CPU.Build.0 = Release|Any CPU
		{E2D28A95-CE35-1A3A-77BB-52F063FDE5BC}.Release|ARM64.ActiveCfg = Release|Any CPU
		{E2D28A95-CE35-1A3A-77BB-52F063FDE5BC}.Release|ARM64.Build.0 = Release|Any CPU
		{E2D28A95-CE35-1A3A-77BB-52F063FDE5BC}.Release|x64.ActiveCfg = Release|Any CPU
		{E2D28A95-CE35-1A3A-77BB-52F063FDE5BC}.Release|x64.Build.0 = Release|Any CPU
		{E2D28A95-CE35-1A3A-77BB-52F063FDE5BC}.Release|x86.ActiveCfg = Release|Any CPU
		{E2D28A95-CE35-1A3A-77BB-52F063FDE5BC}.Release|x86.Build.0 = Release|Any CPU
		{45A78A95-310A-1A3A-DA8F-52F0C6D1E5BC}.Debug|Any CPU.ActiveCfg = Debug|Any CPU
		{45A78A95-310A-1A3A-DA8F-52F0C6D1E5BC}.Debug|Any CPU.Build.0 = Debug|Any CPU
		{45A78A95-310A-1A3A-DA8F-52F0C6D1E5BC}.Debug|ARM64.ActiveCfg = Debug|ARM64
		{45A78A95-310A-1A3A-DA8F-52F0C6D1E5BC}.Debug|ARM64.Build.0 = Debug|ARM64
		{45A78A95-310A-1A3A-DA8F-52F0C6D1E5BC}.Debug|x64.ActiveCfg = Debug|x64
		{45A78A95-310A-1A3A-DA8F-52F0C6D1E5BC}.Debug|x64.Build.0 = Debug|x64
		{45A78A95-310A-1A3A-DA8F-52F0C6D1E5BC}.Debug|x86.ActiveCfg = Debug|x86
		{45A78A95-310A-1A3A-DA8F-52F0C6D1E5BC}.Debug|x86.Build.0 = Debug|x86
		{45A78A95-310A-1A3A-DA8F-52F0C6D1E5BC}.LegacyRadegast|Any CPU.ActiveCfg = Release|Any CPU
		{45A78A95-310A-1A3A-DA8F-52F0C6D1E5BC}.LegacyRadegast|Any CPU.Build.0 = Release|Any CPU
		{45A78A95-310A-1A3A-DA8F-52F0C6D1E5BC}.LegacyRadegast|ARM64.ActiveCfg = Release|ARM64
		{45A78A95-310A-1A3A-DA8F-52F0C6D1E5BC}.LegacyRadegast|ARM64.Build.0 = Release|ARM64
		{45A78A95-310A-1A3A-DA8F-52F0C6D1E5BC}.LegacyRadegast|x64.ActiveCfg = Release|x64
		{45A78A95-310A-1A3A-DA8F-52F0C6D1E5BC}.LegacyRadegast|x64.Build.0 = Release|x64
		{45A78A95-310A-1A3A-DA8F-52F0C6D1E5BC}.LegacyRadegast|x86.ActiveCfg = Release|x86
		{45A78A95-310A-1A3A-DA8F-52F0C6D1E5BC}.LegacyRadegast|x86.Build.0 = Release|x86
		{45A78A95-310A-1A3A-DA8F-52F0C6D1E5BC}.RadegastLinux|Any CPU.ActiveCfg = Release|Any CPU
		{45A78A95-310A-1A3A-DA8F-52F0C6D1E5BC}.RadegastLinux|ARM64.ActiveCfg = Release|ARM64
		{45A78A95-310A-1A3A-DA8F-52F0C6D1E5BC}.RadegastLinux|x64.ActiveCfg = Release|x64
		{45A78A95-310A-1A3A-DA8F-52F0C6D1E5BC}.RadegastLinux|x86.ActiveCfg = Release|x86
		{45A78A95-310A-1A3A-DA8F-52F0C6D1E5BC}.RadegastMacOS|Any CPU.ActiveCfg = Release|Any CPU
		{45A78A95-310A-1A3A-DA8F-52F0C6D1E5BC}.RadegastMacOS|ARM64.ActiveCfg = Release|ARM64
		{45A78A95-310A-1A3A-DA8F-52F0C6D1E5BC}.RadegastMacOS|x64.ActiveCfg = Release|x64
		{45A78A95-310A-1A3A-DA8F-52F0C6D1E5BC}.RadegastMacOS|x86.ActiveCfg = Release|x86
		{45A78A95-310A-1A3A-DA8F-52F0C6D1E5BC}.RadegastWindows|Any CPU.ActiveCfg = Release|Any CPU
		{45A78A95-310A-1A3A-DA8F-52F0C6D1E5BC}.RadegastWindows|ARM64.ActiveCfg = Release|ARM64
		{45A78A95-310A-1A3A-DA8F-52F0C6D1E5BC}.RadegastWindows|x64.ActiveCfg = Release|x64
		{45A78A95-310A-1A3A-DA8F-52F0C6D1E5BC}.RadegastWindows|x86.ActiveCfg = Release|x86
		{45A78A95-310A-1A3A-DA8F-52F0C6D1E5BC}.Release|Any CPU.ActiveCfg = Release|Any CPU
		{45A78A95-310A-1A3A-DA8F-52F0C6D1E5BC}.Release|Any CPU.Build.0 = Release|Any CPU
		{45A78A95-310A-1A3A-DA8F-52F0C6D1E5BC}.Release|ARM64.ActiveCfg = Release|Any CPU
		{45A78A95-310A-1A3A-DA8F-52F0C6D1E5BC}.Release|ARM64.Build.0 = Release|Any CPU
		{45A78A95-310A-1A3A-DA8F-52F0C6D1E5BC}.Release|x64.ActiveCfg = Release|Any CPU
		{45A78A95-310A-1A3A-DA8F-52F0C6D1E5BC}.Release|x64.Build.0 = Release|Any CPU
		{45A78A95-310A-1A3A-DA8F-52F0C6D1E5BC}.Release|x86.ActiveCfg = Release|Any CPU
		{45A78A95-310A-1A3A-DA8F-52F0C6D1E5BC}.Release|x86.Build.0 = Release|Any CPU
		{EE100001-0000-0000-0000-000000000000}.Debug|Any CPU.ActiveCfg = Disabled|x64
		{EE100001-0000-0000-0000-000000000000}.Debug|ARM64.ActiveCfg = Disabled|ARM64
		{EE100001-0000-0000-0000-000000000000}.Debug|x64.ActiveCfg = Disabled|x64
		{EE100001-0000-0000-0000-000000000000}.Debug|x86.ActiveCfg = Disabled|x86
		{EE100001-0000-0000-0000-000000000000}.LegacyRadegast|Any CPU.ActiveCfg = Disabled|x64
		{EE100001-0000-0000-0000-000000000000}.LegacyRadegast|ARM64.ActiveCfg = Disabled|ARM64
		{EE100001-0000-0000-0000-000000000000}.LegacyRadegast|x64.ActiveCfg = Disabled|x64
		{EE100001-0000-0000-0000-000000000000}.LegacyRadegast|x86.ActiveCfg = Disabled|x86
		{EE100001-0000-0000-0000-000000000000}.RadegastLinux|Any CPU.ActiveCfg = Disabled|x64
		{EE100001-0000-0000-0000-000000000000}.RadegastLinux|ARM64.ActiveCfg = Disabled|ARM64
		{EE100001-0000-0000-0000-000000000000}.RadegastLinux|x64.ActiveCfg = Disabled|x64
		{EE100001-0000-0000-0000-000000000000}.RadegastLinux|x86.ActiveCfg = Disabled|x86
		{EE100001-0000-0000-0000-000000000000}.RadegastMacOS|Any CPU.ActiveCfg = Disabled|x64
		{EE100001-0000-0000-0000-000000000000}.RadegastMacOS|ARM64.ActiveCfg = Disabled|ARM64
		{EE100001-0000-0000-0000-000000000000}.RadegastMacOS|x64.ActiveCfg = Disabled|x64
		{EE100001-0000-0000-0000-000000000000}.RadegastMacOS|x86.ActiveCfg = Disabled|x86
		{EE100001-0000-0000-0000-000000000000}.RadegastWindows|Any CPU.ActiveCfg = Release|x64
		{EE100001-0000-0000-0000-000000000000}.RadegastWindows|Any CPU.Build.0 = Release|x64
		{EE100001-0000-0000-0000-000000000000}.RadegastWindows|ARM64.ActiveCfg = Release|ARM64
		{EE100001-0000-0000-0000-000000000000}.RadegastWindows|ARM64.Build.0 = Release|ARM64
		{EE100001-0000-0000-0000-000000000000}.RadegastWindows|x64.ActiveCfg = Release|x64
		{EE100001-0000-0000-0000-000000000000}.RadegastWindows|x64.Build.0 = Release|x64
		{EE100001-0000-0000-0000-000000000000}.RadegastWindows|x86.ActiveCfg = Release|x86
		{EE100001-0000-0000-0000-000000000000}.RadegastWindows|x86.Build.0 = Release|x86
		{EE100001-0000-0000-0000-000000000000}.Release|Any CPU.ActiveCfg = Release|Any CPU
		{EE100001-0000-0000-0000-000000000000}.Release|Any CPU.Build.0 = Release|Any CPU
		{EE100001-0000-0000-0000-000000000000}.Release|ARM64.ActiveCfg = Release|ARM64
		{EE100001-0000-0000-0000-000000000000}.Release|ARM64.Build.0 = Release|ARM64
		{EE100001-0000-0000-0000-000000000000}.Release|x64.ActiveCfg = Release|x64
		{EE100001-0000-0000-0000-000000000000}.Release|x64.Build.0 = Release|x64
		{EE100001-0000-0000-0000-000000000000}.Release|x86.ActiveCfg = Release|x86
		{EE100001-0000-0000-0000-000000000000}.Release|x86.Build.0 = Release|x86
		{EE200001-0000-0000-0000-000000000000}.Debug|Any CPU.ActiveCfg = Disabled|x64
		{EE200001-0000-0000-0000-000000000000}.Debug|ARM64.ActiveCfg = Disabled|ARM64
		{EE200001-0000-0000-0000-000000000000}.Debug|x64.ActiveCfg = Disabled|x64
		{EE200001-0000-0000-0000-000000000000}.Debug|x86.ActiveCfg = Disabled|x86
		{EE200001-0000-0000-0000-000000000000}.LegacyRadegast|Any CPU.ActiveCfg = Disabled|x64
		{EE200001-0000-0000-0000-000000000000}.LegacyRadegast|ARM64.ActiveCfg = Disabled|ARM64
		{EE200001-0000-0000-0000-000000000000}.LegacyRadegast|x64.ActiveCfg = Disabled|x64
		{EE200001-0000-0000-0000-000000000000}.LegacyRadegast|x86.ActiveCfg = Disabled|x86
		{EE200001-0000-0000-0000-000000000000}.RadegastLinux|Any CPU.ActiveCfg = Disabled|x64
		{EE200001-0000-0000-0000-000000000000}.RadegastLinux|ARM64.ActiveCfg = Disabled|ARM64
		{EE200001-0000-0000-0000-000000000000}.RadegastLinux|x64.ActiveCfg = Disabled|x64
		{EE200001-0000-0000-0000-000000000000}.RadegastLinux|x86.ActiveCfg = Disabled|x86
		{EE200001-0000-0000-0000-000000000000}.RadegastMacOS|Any CPU.ActiveCfg = Disabled|x64
		{EE200001-0000-0000-0000-000000000000}.RadegastMacOS|ARM64.ActiveCfg = Disabled|ARM64
		{EE200001-0000-0000-0000-000000000000}.RadegastMacOS|x64.ActiveCfg = Disabled|x64
		{EE200001-0000-0000-0000-000000000000}.RadegastMacOS|x86.ActiveCfg = Disabled|x86
		{EE200001-0000-0000-0000-000000000000}.RadegastWindows|Any CPU.ActiveCfg = Release|x64
		{EE200001-0000-0000-0000-000000000000}.RadegastWindows|Any CPU.Build.0 = Release|x64
		{EE200001-0000-0000-0000-000000000000}.RadegastWindows|ARM64.ActiveCfg = Release|ARM64
		{EE200001-0000-0000-0000-000000000000}.RadegastWindows|ARM64.Build.0 = Release|ARM64
		{EE200001-0000-0000-0000-000000000000}.RadegastWindows|x64.ActiveCfg = Release|x64
		{EE200001-0000-0000-0000-000000000000}.RadegastWindows|x64.Build.0 = Release|x64
		{EE200001-0000-0000-0000-000000000000}.RadegastWindows|x86.ActiveCfg = Release|x86
		{EE200001-0000-0000-0000-000000000000}.RadegastWindows|x86.Build.0 = Release|x86
		{EE200001-0000-0000-0000-000000000000}.Release|Any CPU.ActiveCfg = Release|Any CPU
		{EE200001-0000-0000-0000-000000000000}.Release|Any CPU.Build.0 = Release|Any CPU
		{EE200001-0000-0000-0000-000000000000}.Release|ARM64.ActiveCfg = Release|ARM64
		{EE200001-0000-0000-0000-000000000000}.Release|ARM64.Build.0 = Release|ARM64
		{EE200001-0000-0000-0000-000000000000}.Release|x64.ActiveCfg = Release|x64
		{EE200001-0000-0000-0000-000000000000}.Release|x64.Build.0 = Release|x64
		{EE200001-0000-0000-0000-000000000000}.Release|x86.ActiveCfg = Release|x86
		{EE200001-0000-0000-0000-000000000000}.Release|x86.Build.0 = Release|x86
		{CCCC26B5-AA17-47D8-8D5D-707A78EC9A10}.Debug|Any CPU.ActiveCfg = Disabled|x64
		{CCCC26B5-AA17-47D8-8D5D-707A78EC9A10}.Debug|ARM64.ActiveCfg = Disabled|ARM64
		{CCCC26B5-AA17-47D8-8D5D-707A78EC9A10}.Debug|x64.ActiveCfg = Disabled|x64
		{CCCC26B5-AA17-47D8-8D5D-707A78EC9A10}.Debug|x86.ActiveCfg = Disabled|x86
		{CCCC26B5-AA17-47D8-8D5D-707A78EC9A10}.LegacyRadegast|Any CPU.ActiveCfg = Release|x64
		{CCCC26B5-AA17-47D8-8D5D-707A78EC9A10}.LegacyRadegast|Any CPU.Build.0 = Release|x64
		{CCCC26B5-AA17-47D8-8D5D-707A78EC9A10}.LegacyRadegast|ARM64.ActiveCfg = Release|ARM64
		{CCCC26B5-AA17-47D8-8D5D-707A78EC9A10}.LegacyRadegast|ARM64.Build.0 = Release|ARM64
		{CCCC26B5-AA17-47D8-8D5D-707A78EC9A10}.LegacyRadegast|x64.ActiveCfg = Release|x64
		{CCCC26B5-AA17-47D8-8D5D-707A78EC9A10}.LegacyRadegast|x64.Build.0 = Release|x64
		{CCCC26B5-AA17-47D8-8D5D-707A78EC9A10}.LegacyRadegast|x86.ActiveCfg = Release|x86
		{CCCC26B5-AA17-47D8-8D5D-707A78EC9A10}.LegacyRadegast|x86.Build.0 = Release|x86
		{CCCC26B5-AA17-47D8-8D5D-707A78EC9A10}.RadegastLinux|Any CPU.ActiveCfg = Disabled|x64
		{CCCC26B5-AA17-47D8-8D5D-707A78EC9A10}.RadegastLinux|ARM64.ActiveCfg = Disabled|ARM64
		{CCCC26B5-AA17-47D8-8D5D-707A78EC9A10}.RadegastLinux|x64.ActiveCfg = Disabled|x64
		{CCCC26B5-AA17-47D8-8D5D-707A78EC9A10}.RadegastLinux|x86.ActiveCfg = Disabled|x86
		{CCCC26B5-AA17-47D8-8D5D-707A78EC9A10}.RadegastMacOS|Any CPU.ActiveCfg = Disabled|x64
		{CCCC26B5-AA17-47D8-8D5D-707A78EC9A10}.RadegastMacOS|ARM64.ActiveCfg = Disabled|ARM64
		{CCCC26B5-AA17-47D8-8D5D-707A78EC9A10}.RadegastMacOS|x64.ActiveCfg = Disabled|x64
		{CCCC26B5-AA17-47D8-8D5D-707A78EC9A10}.RadegastMacOS|x86.ActiveCfg = Disabled|x86
		{CCCC26B5-AA17-47D8-8D5D-707A78EC9A10}.RadegastWindows|Any CPU.ActiveCfg = Disabled|x64
		{CCCC26B5-AA17-47D8-8D5D-707A78EC9A10}.RadegastWindows|ARM64.ActiveCfg = Disabled|ARM64
		{CCCC26B5-AA17-47D8-8D5D-707A78EC9A10}.RadegastWindows|x64.ActiveCfg = Disabled|x64
		{CCCC26B5-AA17-47D8-8D5D-707A78EC9A10}.RadegastWindows|x86.ActiveCfg = Disabled|x86
		{CCCC26B5-AA17-47D8-8D5D-707A78EC9A10}.Release|Any CPU.ActiveCfg = Release|Any CPU
		{CCCC26B5-AA17-47D8-8D5D-707A78EC9A10}.Release|Any CPU.Build.0 = Release|Any CPU
		{CCCC26B5-AA17-47D8-8D5D-707A78EC9A10}.Release|ARM64.ActiveCfg = Release|ARM64
		{CCCC26B5-AA17-47D8-8D5D-707A78EC9A10}.Release|ARM64.Build.0 = Release|ARM64
		{CCCC26B5-AA17-47D8-8D5D-707A78EC9A10}.Release|x64.ActiveCfg = Release|x64
		{CCCC26B5-AA17-47D8-8D5D-707A78EC9A10}.Release|x64.Build.0 = Release|x64
		{CCCC26B5-AA17-47D8-8D5D-707A78EC9A10}.Release|x86.ActiveCfg = Release|x86
		{CCCC26B5-AA17-47D8-8D5D-707A78EC9A10}.Release|x86.Build.0 = Release|x86
		{0F0271AF-0841-45A5-8737-9239550839B7}.Debug|Any CPU.ActiveCfg = Disabled|x64
		{0F0271AF-0841-45A5-8737-9239550839B7}.Debug|ARM64.ActiveCfg = Disabled|ARM64
		{0F0271AF-0841-45A5-8737-9239550839B7}.Debug|x64.ActiveCfg = Disabled|x64
		{0F0271AF-0841-45A5-8737-9239550839B7}.Debug|x86.ActiveCfg = Disabled|x86
		{0F0271AF-0841-45A5-8737-9239550839B7}.LegacyRadegast|Any CPU.ActiveCfg = Release|x64
		{0F0271AF-0841-45A5-8737-9239550839B7}.LegacyRadegast|Any CPU.Build.0 = Release|x64
		{0F0271AF-0841-45A5-8737-9239550839B7}.LegacyRadegast|ARM64.ActiveCfg = Release|ARM64
		{0F0271AF-0841-45A5-8737-9239550839B7}.LegacyRadegast|ARM64.Build.0 = Release|ARM64
		{0F0271AF-0841-45A5-8737-9239550839B7}.LegacyRadegast|x64.ActiveCfg = Release|x64
		{0F0271AF-0841-45A5-8737-9239550839B7}.LegacyRadegast|x64.Build.0 = Release|x64
		{0F0271AF-0841-45A5-8737-9239550839B7}.LegacyRadegast|x86.ActiveCfg = Release|x86
		{0F0271AF-0841-45A5-8737-9239550839B7}.LegacyRadegast|x86.Build.0 = Release|x86
		{0F0271AF-0841-45A5-8737-9239550839B7}.RadegastLinux|Any CPU.ActiveCfg = Disabled|x64
		{0F0271AF-0841-45A5-8737-9239550839B7}.RadegastLinux|ARM64.ActiveCfg = Disabled|ARM64
		{0F0271AF-0841-45A5-8737-9239550839B7}.RadegastLinux|x64.ActiveCfg = Disabled|x64
		{0F0271AF-0841-45A5-8737-9239550839B7}.RadegastLinux|x86.ActiveCfg = Disabled|x86
		{0F0271AF-0841-45A5-8737-9239550839B7}.RadegastMacOS|Any CPU.ActiveCfg = Disabled|x64
		{0F0271AF-0841-45A5-8737-9239550839B7}.RadegastMacOS|ARM64.ActiveCfg = Disabled|ARM64
		{0F0271AF-0841-45A5-8737-9239550839B7}.RadegastMacOS|x64.ActiveCfg = Disabled|x64
		{0F0271AF-0841-45A5-8737-9239550839B7}.RadegastMacOS|x86.ActiveCfg = Disabled|x86
		{0F0271AF-0841-45A5-8737-9239550839B7}.RadegastWindows|Any CPU.ActiveCfg = Disabled|x64
		{0F0271AF-0841-45A5-8737-9239550839B7}.RadegastWindows|ARM64.ActiveCfg = Disabled|ARM64
		{0F0271AF-0841-45A5-8737-9239550839B7}.RadegastWindows|x64.ActiveCfg = Disabled|x64
		{0F0271AF-0841-45A5-8737-9239550839B7}.RadegastWindows|x86.ActiveCfg = Disabled|x86
		{0F0271AF-0841-45A5-8737-9239550839B7}.Release|Any CPU.ActiveCfg = Release|Any CPU
		{0F0271AF-0841-45A5-8737-9239550839B7}.Release|Any CPU.Build.0 = Release|Any CPU
		{0F0271AF-0841-45A5-8737-9239550839B7}.Release|ARM64.ActiveCfg = Release|ARM64
		{0F0271AF-0841-45A5-8737-9239550839B7}.Release|ARM64.Build.0 = Release|ARM64
		{0F0271AF-0841-45A5-8737-9239550839B7}.Release|x64.ActiveCfg = Release|x64
		{0F0271AF-0841-45A5-8737-9239550839B7}.Release|x64.Build.0 = Release|x64
		{0F0271AF-0841-45A5-8737-9239550839B7}.Release|x86.ActiveCfg = Release|x86
		{0F0271AF-0841-45A5-8737-9239550839B7}.Release|x86.Build.0 = Release|x86
		{F08F7BF4-013C-476A-A88C-62E9E2E8CC79}.Debug|Any CPU.ActiveCfg = Debug|Any CPU
		{F08F7BF4-013C-476A-A88C-62E9E2E8CC79}.Debug|Any CPU.Build.0 = Debug|Any CPU
		{F08F7BF4-013C-476A-A88C-62E9E2E8CC79}.Debug|ARM64.ActiveCfg = Debug|Any CPU
		{F08F7BF4-013C-476A-A88C-62E9E2E8CC79}.Debug|ARM64.Build.0 = Debug|Any CPU
		{F08F7BF4-013C-476A-A88C-62E9E2E8CC79}.Debug|x64.ActiveCfg = Debug|Any CPU
		{F08F7BF4-013C-476A-A88C-62E9E2E8CC79}.Debug|x64.Build.0 = Debug|Any CPU
		{F08F7BF4-013C-476A-A88C-62E9E2E8CC79}.Debug|x86.ActiveCfg = Debug|Any CPU
		{F08F7BF4-013C-476A-A88C-62E9E2E8CC79}.Debug|x86.Build.0 = Debug|Any CPU
		{F08F7BF4-013C-476A-A88C-62E9E2E8CC79}.LegacyRadegast|Any CPU.ActiveCfg = Release|Any CPU
		{F08F7BF4-013C-476A-A88C-62E9E2E8CC79}.LegacyRadegast|Any CPU.Build.0 = Release|Any CPU
		{F08F7BF4-013C-476A-A88C-62E9E2E8CC79}.LegacyRadegast|ARM64.ActiveCfg = Release|Any CPU
		{F08F7BF4-013C-476A-A88C-62E9E2E8CC79}.LegacyRadegast|ARM64.Build.0 = Release|Any CPU
		{F08F7BF4-013C-476A-A88C-62E9E2E8CC79}.LegacyRadegast|x64.ActiveCfg = Release|Any CPU
		{F08F7BF4-013C-476A-A88C-62E9E2E8CC79}.LegacyRadegast|x64.Build.0 = Release|Any CPU
		{F08F7BF4-013C-476A-A88C-62E9E2E8CC79}.LegacyRadegast|x86.ActiveCfg = Release|Any CPU
		{F08F7BF4-013C-476A-A88C-62E9E2E8CC79}.LegacyRadegast|x86.Build.0 = Release|Any CPU
		{F08F7BF4-013C-476A-A88C-62E9E2E8CC79}.RadegastLinux|Any CPU.ActiveCfg = Release|Any CPU
		{F08F7BF4-013C-476A-A88C-62E9E2E8CC79}.RadegastLinux|Any CPU.Build.0 = Release|Any CPU
		{F08F7BF4-013C-476A-A88C-62E9E2E8CC79}.RadegastLinux|ARM64.ActiveCfg = Release|Any CPU
		{F08F7BF4-013C-476A-A88C-62E9E2E8CC79}.RadegastLinux|ARM64.Build.0 = Release|Any CPU
		{F08F7BF4-013C-476A-A88C-62E9E2E8CC79}.RadegastLinux|x64.ActiveCfg = Release|Any CPU
		{F08F7BF4-013C-476A-A88C-62E9E2E8CC79}.RadegastLinux|x64.Build.0 = Release|Any CPU
		{F08F7BF4-013C-476A-A88C-62E9E2E8CC79}.RadegastLinux|x86.ActiveCfg = Release|Any CPU
		{F08F7BF4-013C-476A-A88C-62E9E2E8CC79}.RadegastLinux|x86.Build.0 = Release|Any CPU
		{F08F7BF4-013C-476A-A88C-62E9E2E8CC79}.RadegastMacOS|Any CPU.ActiveCfg = Release|Any CPU
		{F08F7BF4-013C-476A-A88C-62E9E2E8CC79}.RadegastMacOS|Any CPU.Build.0 = Release|Any CPU
		{F08F7BF4-013C-476A-A88C-62E9E2E8CC79}.RadegastMacOS|ARM64.ActiveCfg = Release|Any CPU
		{F08F7BF4-013C-476A-A88C-62E9E2E8CC79}.RadegastMacOS|ARM64.Build.0 = Release|Any CPU
		{F08F7BF4-013C-476A-A88C-62E9E2E8CC79}.RadegastMacOS|x64.ActiveCfg = Release|Any CPU
		{F08F7BF4-013C-476A-A88C-62E9E2E8CC79}.RadegastMacOS|x64.Build.0 = Release|Any CPU
		{F08F7BF4-013C-476A-A88C-62E9E2E8CC79}.RadegastMacOS|x86.ActiveCfg = Release|Any CPU
		{F08F7BF4-013C-476A-A88C-62E9E2E8CC79}.RadegastMacOS|x86.Build.0 = Release|Any CPU
		{F08F7BF4-013C-476A-A88C-62E9E2E8CC79}.RadegastWindows|Any CPU.ActiveCfg = Release|Any CPU
		{F08F7BF4-013C-476A-A88C-62E9E2E8CC79}.RadegastWindows|Any CPU.Build.0 = Release|Any CPU
		{F08F7BF4-013C-476A-A88C-62E9E2E8CC79}.RadegastWindows|ARM64.ActiveCfg = Release|Any CPU
		{F08F7BF4-013C-476A-A88C-62E9E2E8CC79}.RadegastWindows|ARM64.Build.0 = Release|Any CPU
		{F08F7BF4-013C-476A-A88C-62E9E2E8CC79}.RadegastWindows|x64.ActiveCfg = Release|Any CPU
		{F08F7BF4-013C-476A-A88C-62E9E2E8CC79}.RadegastWindows|x64.Build.0 = Release|Any CPU
		{F08F7BF4-013C-476A-A88C-62E9E2E8CC79}.RadegastWindows|x86.ActiveCfg = Release|Any CPU
		{F08F7BF4-013C-476A-A88C-62E9E2E8CC79}.RadegastWindows|x86.Build.0 = Release|Any CPU
		{F08F7BF4-013C-476A-A88C-62E9E2E8CC79}.Release|Any CPU.ActiveCfg = Release|Any CPU
		{F08F7BF4-013C-476A-A88C-62E9E2E8CC79}.Release|Any CPU.Build.0 = Release|Any CPU
		{F08F7BF4-013C-476A-A88C-62E9E2E8CC79}.Release|ARM64.ActiveCfg = Release|Any CPU
		{F08F7BF4-013C-476A-A88C-62E9E2E8CC79}.Release|ARM64.Build.0 = Release|Any CPU
		{F08F7BF4-013C-476A-A88C-62E9E2E8CC79}.Release|x64.ActiveCfg = Release|Any CPU
		{F08F7BF4-013C-476A-A88C-62E9E2E8CC79}.Release|x64.Build.0 = Release|Any CPU
		{F08F7BF4-013C-476A-A88C-62E9E2E8CC79}.Release|x86.ActiveCfg = Release|Any CPU
		{F08F7BF4-013C-476A-A88C-62E9E2E8CC79}.Release|x86.Build.0 = Release|Any CPU
		{84E96860-76E1-40F9-843A-43C9BFB5F080}.Debug|Any CPU.ActiveCfg = Debug|Any CPU
		{84E96860-76E1-40F9-843A-43C9BFB5F080}.Debug|Any CPU.Build.0 = Debug|Any CPU
		{84E96860-76E1-40F9-843A-43C9BFB5F080}.Debug|ARM64.ActiveCfg = Debug|Any CPU
		{84E96860-76E1-40F9-843A-43C9BFB5F080}.Debug|ARM64.Build.0 = Debug|Any CPU
		{84E96860-76E1-40F9-843A-43C9BFB5F080}.Debug|x64.ActiveCfg = Debug|Any CPU
		{84E96860-76E1-40F9-843A-43C9BFB5F080}.Debug|x64.Build.0 = Debug|Any CPU
		{84E96860-76E1-40F9-843A-43C9BFB5F080}.Debug|x86.ActiveCfg = Debug|Any CPU
		{84E96860-76E1-40F9-843A-43C9BFB5F080}.Debug|x86.Build.0 = Debug|Any CPU
		{84E96860-76E1-40F9-843A-43C9BFB5F080}.LegacyRadegast|Any CPU.ActiveCfg = Release|Any CPU
		{84E96860-76E1-40F9-843A-43C9BFB5F080}.LegacyRadegast|ARM64.ActiveCfg = Release|Any CPU
		{84E96860-76E1-40F9-843A-43C9BFB5F080}.LegacyRadegast|x64.ActiveCfg = Release|Any CPU
		{84E96860-76E1-40F9-843A-43C9BFB5F080}.LegacyRadegast|x86.ActiveCfg = Release|Any CPU
		{84E96860-76E1-40F9-843A-43C9BFB5F080}.RadegastLinux|Any CPU.ActiveCfg = Release|Any CPU
		{84E96860-76E1-40F9-843A-43C9BFB5F080}.RadegastLinux|ARM64.ActiveCfg = Release|Any CPU
		{84E96860-76E1-40F9-843A-43C9BFB5F080}.RadegastLinux|x64.ActiveCfg = Release|Any CPU
		{84E96860-76E1-40F9-843A-43C9BFB5F080}.RadegastLinux|x86.ActiveCfg = Release|Any CPU
		{84E96860-76E1-40F9-843A-43C9BFB5F080}.RadegastMacOS|Any CPU.ActiveCfg = Release|Any CPU
		{84E96860-76E1-40F9-843A-43C9BFB5F080}.RadegastMacOS|ARM64.ActiveCfg = Release|Any CPU
		{84E96860-76E1-40F9-843A-43C9BFB5F080}.RadegastMacOS|x64.ActiveCfg = Release|Any CPU
		{84E96860-76E1-40F9-843A-43C9BFB5F080}.RadegastMacOS|x86.ActiveCfg = Release|Any CPU
		{84E96860-76E1-40F9-843A-43C9BFB5F080}.RadegastWindows|Any CPU.ActiveCfg = Release|Any CPU
		{84E96860-76E1-40F9-843A-43C9BFB5F080}.RadegastWindows|ARM64.ActiveCfg = Release|Any CPU
		{84E96860-76E1-40F9-843A-43C9BFB5F080}.RadegastWindows|x64.ActiveCfg = Release|Any CPU
		{84E96860-76E1-40F9-843A-43C9BFB5F080}.RadegastWindows|x86.ActiveCfg = Release|Any CPU
		{84E96860-76E1-40F9-843A-43C9BFB5F080}.Release|Any CPU.ActiveCfg = Release|Any CPU
		{84E96860-76E1-40F9-843A-43C9BFB5F080}.Release|Any CPU.Build.0 = Release|Any CPU
		{84E96860-76E1-40F9-843A-43C9BFB5F080}.Release|ARM64.ActiveCfg = Release|Any CPU
		{84E96860-76E1-40F9-843A-43C9BFB5F080}.Release|ARM64.Build.0 = Release|Any CPU
		{84E96860-76E1-40F9-843A-43C9BFB5F080}.Release|x64.ActiveCfg = Release|Any CPU
		{84E96860-76E1-40F9-843A-43C9BFB5F080}.Release|x64.Build.0 = Release|Any CPU
		{84E96860-76E1-40F9-843A-43C9BFB5F080}.Release|x86.ActiveCfg = Release|Any CPU
		{84E96860-76E1-40F9-843A-43C9BFB5F080}.Release|x86.Build.0 = Release|Any CPU
		{B24160BE-4628-4618-8C41-B64AA1BAEA2C}.Debug|Any CPU.ActiveCfg = Debug|Any CPU
		{B24160BE-4628-4618-8C41-B64AA1BAEA2C}.Debug|Any CPU.Build.0 = Debug|Any CPU
		{B24160BE-4628-4618-8C41-B64AA1BAEA2C}.Debug|ARM64.ActiveCfg = Debug|ARM64
		{B24160BE-4628-4618-8C41-B64AA1BAEA2C}.Debug|ARM64.Build.0 = Debug|ARM64
		{B24160BE-4628-4618-8C41-B64AA1BAEA2C}.Debug|x64.ActiveCfg = Debug|x64
		{B24160BE-4628-4618-8C41-B64AA1BAEA2C}.Debug|x64.Build.0 = Debug|x64
		{B24160BE-4628-4618-8C41-B64AA1BAEA2C}.Debug|x86.ActiveCfg = Debug|x86
		{B24160BE-4628-4618-8C41-B64AA1BAEA2C}.Debug|x86.Build.0 = Debug|x86
		{B24160BE-4628-4618-8C41-B64AA1BAEA2C}.LegacyRadegast|Any CPU.ActiveCfg = Release|Any CPU
		{B24160BE-4628-4618-8C41-B64AA1BAEA2C}.LegacyRadegast|ARM64.ActiveCfg = Release|ARM64
		{B24160BE-4628-4618-8C41-B64AA1BAEA2C}.LegacyRadegast|x64.ActiveCfg = Release|x64
		{B24160BE-4628-4618-8C41-B64AA1BAEA2C}.LegacyRadegast|x86.ActiveCfg = Release|x86
		{B24160BE-4628-4618-8C41-B64AA1BAEA2C}.RadegastLinux|Any CPU.ActiveCfg = Release|Any CPU
		{B24160BE-4628-4618-8C41-B64AA1BAEA2C}.RadegastLinux|Any CPU.Build.0 = Release|Any CPU
		{B24160BE-4628-4618-8C41-B64AA1BAEA2C}.RadegastLinux|ARM64.ActiveCfg = Release|ARM64
		{B24160BE-4628-4618-8C41-B64AA1BAEA2C}.RadegastLinux|ARM64.Build.0 = Release|ARM64
		{B24160BE-4628-4618-8C41-B64AA1BAEA2C}.RadegastLinux|x64.ActiveCfg = Release|x64
		{B24160BE-4628-4618-8C41-B64AA1BAEA2C}.RadegastLinux|x64.Build.0 = Release|x64
		{B24160BE-4628-4618-8C41-B64AA1BAEA2C}.RadegastLinux|x86.ActiveCfg = Release|x86
		{B24160BE-4628-4618-8C41-B64AA1BAEA2C}.RadegastLinux|x86.Build.0 = Release|x86
		{B24160BE-4628-4618-8C41-B64AA1BAEA2C}.RadegastMacOS|Any CPU.ActiveCfg = Release|Any CPU
		{B24160BE-4628-4618-8C41-B64AA1BAEA2C}.RadegastMacOS|Any CPU.Build.0 = Release|Any CPU
		{B24160BE-4628-4618-8C41-B64AA1BAEA2C}.RadegastMacOS|ARM64.ActiveCfg = Release|ARM64
		{B24160BE-4628-4618-8C41-B64AA1BAEA2C}.RadegastMacOS|ARM64.Build.0 = Release|ARM64
		{B24160BE-4628-4618-8C41-B64AA1BAEA2C}.RadegastMacOS|x64.ActiveCfg = Release|x64
		{B24160BE-4628-4618-8C41-B64AA1BAEA2C}.RadegastMacOS|x64.Build.0 = Release|x64
		{B24160BE-4628-4618-8C41-B64AA1BAEA2C}.RadegastMacOS|x86.ActiveCfg = Release|x86
		{B24160BE-4628-4618-8C41-B64AA1BAEA2C}.RadegastMacOS|x86.Build.0 = Release|x86
		{B24160BE-4628-4618-8C41-B64AA1BAEA2C}.RadegastWindows|Any CPU.ActiveCfg = Release|Any CPU
		{B24160BE-4628-4618-8C41-B64AA1BAEA2C}.RadegastWindows|Any CPU.Build.0 = Release|Any CPU
		{B24160BE-4628-4618-8C41-B64AA1BAEA2C}.RadegastWindows|ARM64.ActiveCfg = Release|ARM64
		{B24160BE-4628-4618-8C41-B64AA1BAEA2C}.RadegastWindows|ARM64.Build.0 = Release|ARM64
		{B24160BE-4628-4618-8C41-B64AA1BAEA2C}.RadegastWindows|x64.ActiveCfg = Release|x64
		{B24160BE-4628-4618-8C41-B64AA1BAEA2C}.RadegastWindows|x64.Build.0 = Release|x64
		{B24160BE-4628-4618-8C41-B64AA1BAEA2C}.RadegastWindows|x86.ActiveCfg = Release|x86
		{B24160BE-4628-4618-8C41-B64AA1BAEA2C}.RadegastWindows|x86.Build.0 = Release|x86
		{B24160BE-4628-4618-8C41-B64AA1BAEA2C}.Release|Any CPU.ActiveCfg = Release|Any CPU
		{B24160BE-4628-4618-8C41-B64AA1BAEA2C}.Release|Any CPU.Build.0 = Release|Any CPU
		{B24160BE-4628-4618-8C41-B64AA1BAEA2C}.Release|ARM64.ActiveCfg = Release|Any CPU
		{B24160BE-4628-4618-8C41-B64AA1BAEA2C}.Release|ARM64.Build.0 = Release|Any CPU
		{B24160BE-4628-4618-8C41-B64AA1BAEA2C}.Release|x64.ActiveCfg = Release|Any CPU
		{B24160BE-4628-4618-8C41-B64AA1BAEA2C}.Release|x64.Build.0 = Release|Any CPU
		{B24160BE-4628-4618-8C41-B64AA1BAEA2C}.Release|x86.ActiveCfg = Release|Any CPU
		{B24160BE-4628-4618-8C41-B64AA1BAEA2C}.Release|x86.Build.0 = Release|Any CPU
		{602AA2C1-06D7-41B8-B611-B3933D2A0777}.Debug|Any CPU.ActiveCfg = Debug|Any CPU
		{602AA2C1-06D7-41B8-B611-B3933D2A0777}.Debug|Any CPU.Build.0 = Debug|Any CPU
		{602AA2C1-06D7-41B8-B611-B3933D2A0777}.Debug|ARM64.ActiveCfg = Debug|ARM64
		{602AA2C1-06D7-41B8-B611-B3933D2A0777}.Debug|ARM64.Build.0 = Debug|ARM64
		{602AA2C1-06D7-41B8-B611-B3933D2A0777}.Debug|x64.ActiveCfg = Debug|x64
		{602AA2C1-06D7-41B8-B611-B3933D2A0777}.Debug|x64.Build.0 = Debug|x64
		{602AA2C1-06D7-41B8-B611-B3933D2A0777}.Debug|x86.ActiveCfg = Debug|x86
		{602AA2C1-06D7-41B8-B611-B3933D2A0777}.Debug|x86.Build.0 = Debug|x86
		{602AA2C1-06D7-41B8-B611-B3933D2A0777}.LegacyRadegast|Any CPU.ActiveCfg = Release|Any CPU
		{602AA2C1-06D7-41B8-B611-B3933D2A0777}.LegacyRadegast|ARM64.ActiveCfg = Release|ARM64
		{602AA2C1-06D7-41B8-B611-B3933D2A0777}.LegacyRadegast|x64.ActiveCfg = Release|x64
		{602AA2C1-06D7-41B8-B611-B3933D2A0777}.LegacyRadegast|x86.ActiveCfg = Release|x86
		{602AA2C1-06D7-41B8-B611-B3933D2A0777}.RadegastLinux|Any CPU.ActiveCfg = Release|Any CPU
		{602AA2C1-06D7-41B8-B611-B3933D2A0777}.RadegastLinux|Any CPU.Build.0 = Release|Any CPU
		{602AA2C1-06D7-41B8-B611-B3933D2A0777}.RadegastLinux|ARM64.ActiveCfg = Release|ARM64
		{602AA2C1-06D7-41B8-B611-B3933D2A0777}.RadegastLinux|ARM64.Build.0 = Release|ARM64
		{602AA2C1-06D7-41B8-B611-B3933D2A0777}.RadegastLinux|x64.ActiveCfg = Release|x64
		{602AA2C1-06D7-41B8-B611-B3933D2A0777}.RadegastLinux|x64.Build.0 = Release|x64
		{602AA2C1-06D7-41B8-B611-B3933D2A0777}.RadegastLinux|x86.ActiveCfg = Release|x86
		{602AA2C1-06D7-41B8-B611-B3933D2A0777}.RadegastLinux|x86.Build.0 = Release|x86
		{602AA2C1-06D7-41B8-B611-B3933D2A0777}.RadegastMacOS|Any CPU.ActiveCfg = Release|Any CPU
		{602AA2C1-06D7-41B8-B611-B3933D2A0777}.RadegastMacOS|Any CPU.Build.0 = Release|Any CPU
		{602AA2C1-06D7-41B8-B611-B3933D2A0777}.RadegastMacOS|ARM64.ActiveCfg = Release|ARM64
		{602AA2C1-06D7-41B8-B611-B3933D2A0777}.RadegastMacOS|ARM64.Build.0 = Release|ARM64
		{602AA2C1-06D7-41B8-B611-B3933D2A0777}.RadegastMacOS|x64.ActiveCfg = Release|x64
		{602AA2C1-06D7-41B8-B611-B3933D2A0777}.RadegastMacOS|x64.Build.0 = Release|x64
		{602AA2C1-06D7-41B8-B611-B3933D2A0777}.RadegastMacOS|x86.ActiveCfg = Release|x86
		{602AA2C1-06D7-41B8-B611-B3933D2A0777}.RadegastMacOS|x86.Build.0 = Release|x86
		{602AA2C1-06D7-41B8-B611-B3933D2A0777}.RadegastWindows|Any CPU.ActiveCfg = Release|Any CPU
		{602AA2C1-06D7-41B8-B611-B3933D2A0777}.RadegastWindows|Any CPU.Build.0 = Release|Any CPU
		{602AA2C1-06D7-41B8-B611-B3933D2A0777}.RadegastWindows|ARM64.ActiveCfg = Release|ARM64
		{602AA2C1-06D7-41B8-B611-B3933D2A0777}.RadegastWindows|ARM64.Build.0 = Release|ARM64
		{602AA2C1-06D7-41B8-B611-B3933D2A0777}.RadegastWindows|x64.ActiveCfg = Release|x64
		{602AA2C1-06D7-41B8-B611-B3933D2A0777}.RadegastWindows|x64.Build.0 = Release|x64
		{602AA2C1-06D7-41B8-B611-B3933D2A0777}.RadegastWindows|x86.ActiveCfg = Release|x86
		{602AA2C1-06D7-41B8-B611-B3933D2A0777}.RadegastWindows|x86.Build.0 = Release|x86
		{602AA2C1-06D7-41B8-B611-B3933D2A0777}.Release|Any CPU.ActiveCfg = Release|Any CPU
		{602AA2C1-06D7-41B8-B611-B3933D2A0777}.Release|Any CPU.Build.0 = Release|Any CPU
		{602AA2C1-06D7-41B8-B611-B3933D2A0777}.Release|ARM64.ActiveCfg = Release|Any CPU
		{602AA2C1-06D7-41B8-B611-B3933D2A0777}.Release|ARM64.Build.0 = Release|Any CPU
		{602AA2C1-06D7-41B8-B611-B3933D2A0777}.Release|x64.ActiveCfg = Release|Any CPU
		{602AA2C1-06D7-41B8-B611-B3933D2A0777}.Release|x64.Build.0 = Release|Any CPU
		{602AA2C1-06D7-41B8-B611-B3933D2A0777}.Release|x86.ActiveCfg = Release|Any CPU
		{602AA2C1-06D7-41B8-B611-B3933D2A0777}.Release|x86.Build.0 = Release|Any CPU
		{4310C25D-A571-44D2-912B-55844B09F7C0}.Debug|Any CPU.ActiveCfg = Debug|Any CPU
		{4310C25D-A571-44D2-912B-55844B09F7C0}.Debug|Any CPU.Build.0 = Debug|Any CPU
		{4310C25D-A571-44D2-912B-55844B09F7C0}.Debug|ARM64.ActiveCfg = Debug|ARM64
		{4310C25D-A571-44D2-912B-55844B09F7C0}.Debug|ARM64.Build.0 = Debug|ARM64
		{4310C25D-A571-44D2-912B-55844B09F7C0}.Debug|x64.ActiveCfg = Debug|x64
		{4310C25D-A571-44D2-912B-55844B09F7C0}.Debug|x64.Build.0 = Debug|x64
		{4310C25D-A571-44D2-912B-55844B09F7C0}.Debug|x86.ActiveCfg = Debug|x86
		{4310C25D-A571-44D2-912B-55844B09F7C0}.Debug|x86.Build.0 = Debug|x86
		{4310C25D-A571-44D2-912B-55844B09F7C0}.LegacyRadegast|Any CPU.ActiveCfg = Release|Any CPU
		{4310C25D-A571-44D2-912B-55844B09F7C0}.LegacyRadegast|ARM64.ActiveCfg = Release|ARM64
		{4310C25D-A571-44D2-912B-55844B09F7C0}.LegacyRadegast|x64.ActiveCfg = Release|x64
		{4310C25D-A571-44D2-912B-55844B09F7C0}.LegacyRadegast|x86.ActiveCfg = Release|x86
		{4310C25D-A571-44D2-912B-55844B09F7C0}.RadegastLinux|Any CPU.ActiveCfg = Release|Any CPU
		{4310C25D-A571-44D2-912B-55844B09F7C0}.RadegastLinux|Any CPU.Build.0 = Release|Any CPU
		{4310C25D-A571-44D2-912B-55844B09F7C0}.RadegastLinux|ARM64.ActiveCfg = Release|ARM64
		{4310C25D-A571-44D2-912B-55844B09F7C0}.RadegastLinux|ARM64.Build.0 = Release|ARM64
		{4310C25D-A571-44D2-912B-55844B09F7C0}.RadegastLinux|x64.ActiveCfg = Release|x64
		{4310C25D-A571-44D2-912B-55844B09F7C0}.RadegastLinux|x64.Build.0 = Release|x64
		{4310C25D-A571-44D2-912B-55844B09F7C0}.RadegastLinux|x86.ActiveCfg = Release|x86
		{4310C25D-A571-44D2-912B-55844B09F7C0}.RadegastLinux|x86.Build.0 = Release|x86
		{4310C25D-A571-44D2-912B-55844B09F7C0}.RadegastMacOS|Any CPU.ActiveCfg = Release|Any CPU
		{4310C25D-A571-44D2-912B-55844B09F7C0}.RadegastMacOS|Any CPU.Build.0 = Release|Any CPU
		{4310C25D-A571-44D2-912B-55844B09F7C0}.RadegastMacOS|ARM64.ActiveCfg = Release|ARM64
		{4310C25D-A571-44D2-912B-55844B09F7C0}.RadegastMacOS|ARM64.Build.0 = Release|ARM64
		{4310C25D-A571-44D2-912B-55844B09F7C0}.RadegastMacOS|x64.ActiveCfg = Release|x64
		{4310C25D-A571-44D2-912B-55844B09F7C0}.RadegastMacOS|x64.Build.0 = Release|x64
		{4310C25D-A571-44D2-912B-55844B09F7C0}.RadegastMacOS|x86.ActiveCfg = Release|x86
		{4310C25D-A571-44D2-912B-55844B09F7C0}.RadegastMacOS|x86.Build.0 = Release|x86
		{4310C25D-A571-44D2-912B-55844B09F7C0}.RadegastWindows|Any CPU.ActiveCfg = Release|Any CPU
		{4310C25D-A571-44D2-912B-55844B09F7C0}.RadegastWindows|Any CPU.Build.0 = Release|Any CPU
		{4310C25D-A571-44D2-912B-55844B09F7C0}.RadegastWindows|ARM64.ActiveCfg = Release|ARM64
		{4310C25D-A571-44D2-912B-55844B09F7C0}.RadegastWindows|ARM64.Build.0 = Release|ARM64
		{4310C25D-A571-44D2-912B-55844B09F7C0}.RadegastWindows|x64.ActiveCfg = Release|x64
		{4310C25D-A571-44D2-912B-55844B09F7C0}.RadegastWindows|x64.Build.0 = Release|x64
		{4310C25D-A571-44D2-912B-55844B09F7C0}.RadegastWindows|x86.ActiveCfg = Release|x86
		{4310C25D-A571-44D2-912B-55844B09F7C0}.RadegastWindows|x86.Build.0 = Release|x86
		{4310C25D-A571-44D2-912B-55844B09F7C0}.Release|Any CPU.ActiveCfg = Release|Any CPU
		{4310C25D-A571-44D2-912B-55844B09F7C0}.Release|Any CPU.Build.0 = Release|Any CPU
		{4310C25D-A571-44D2-912B-55844B09F7C0}.Release|ARM64.ActiveCfg = Release|Any CPU
		{4310C25D-A571-44D2-912B-55844B09F7C0}.Release|ARM64.Build.0 = Release|Any CPU
		{4310C25D-A571-44D2-912B-55844B09F7C0}.Release|x64.ActiveCfg = Release|Any CPU
		{4310C25D-A571-44D2-912B-55844B09F7C0}.Release|x64.Build.0 = Release|Any CPU
		{4310C25D-A571-44D2-912B-55844B09F7C0}.Release|x86.ActiveCfg = Release|Any CPU
		{4310C25D-A571-44D2-912B-55844B09F7C0}.Release|x86.Build.0 = Release|Any CPU
		{054236E8-C086-448B-8C52-0CEB8CB4A1B2}.Debug|Any CPU.ActiveCfg = Debug|Any CPU
		{054236E8-C086-448B-8C52-0CEB8CB4A1B2}.Debug|Any CPU.Build.0 = Debug|Any CPU
		{054236E8-C086-448B-8C52-0CEB8CB4A1B2}.Debug|ARM64.ActiveCfg = Debug|ARM64
		{054236E8-C086-448B-8C52-0CEB8CB4A1B2}.Debug|ARM64.Build.0 = Debug|ARM64
		{054236E8-C086-448B-8C52-0CEB8CB4A1B2}.Debug|x64.ActiveCfg = Debug|x64
		{054236E8-C086-448B-8C52-0CEB8CB4A1B2}.Debug|x64.Build.0 = Debug|x64
		{054236E8-C086-448B-8C52-0CEB8CB4A1B2}.Debug|x86.ActiveCfg = Debug|x86
		{054236E8-C086-448B-8C52-0CEB8CB4A1B2}.Debug|x86.Build.0 = Debug|x86
		{054236E8-C086-448B-8C52-0CEB8CB4A1B2}.LegacyRadegast|Any CPU.ActiveCfg = Release|Any CPU
		{054236E8-C086-448B-8C52-0CEB8CB4A1B2}.LegacyRadegast|ARM64.ActiveCfg = Release|ARM64
		{054236E8-C086-448B-8C52-0CEB8CB4A1B2}.LegacyRadegast|x64.ActiveCfg = Release|x64
		{054236E8-C086-448B-8C52-0CEB8CB4A1B2}.LegacyRadegast|x86.ActiveCfg = Release|x86
		{054236E8-C086-448B-8C52-0CEB8CB4A1B2}.RadegastLinux|Any CPU.ActiveCfg = Release|Any CPU
		{054236E8-C086-448B-8C52-0CEB8CB4A1B2}.RadegastLinux|Any CPU.Build.0 = Release|Any CPU
		{054236E8-C086-448B-8C52-0CEB8CB4A1B2}.RadegastLinux|ARM64.ActiveCfg = Release|ARM64
		{054236E8-C086-448B-8C52-0CEB8CB4A1B2}.RadegastLinux|ARM64.Build.0 = Release|ARM64
		{054236E8-C086-448B-8C52-0CEB8CB4A1B2}.RadegastLinux|x64.ActiveCfg = Release|x64
		{054236E8-C086-448B-8C52-0CEB8CB4A1B2}.RadegastLinux|x64.Build.0 = Release|x64
		{054236E8-C086-448B-8C52-0CEB8CB4A1B2}.RadegastLinux|x86.ActiveCfg = Release|x86
		{054236E8-C086-448B-8C52-0CEB8CB4A1B2}.RadegastLinux|x86.Build.0 = Release|x86
		{054236E8-C086-448B-8C52-0CEB8CB4A1B2}.RadegastMacOS|Any CPU.ActiveCfg = Release|Any CPU
		{054236E8-C086-448B-8C52-0CEB8CB4A1B2}.RadegastMacOS|Any CPU.Build.0 = Release|Any CPU
		{054236E8-C086-448B-8C52-0CEB8CB4A1B2}.RadegastMacOS|ARM64.ActiveCfg = Release|ARM64
		{054236E8-C086-448B-8C52-0CEB8CB4A1B2}.RadegastMacOS|ARM64.Build.0 = Release|ARM64
		{054236E8-C086-448B-8C52-0CEB8CB4A1B2}.RadegastMacOS|x64.ActiveCfg = Release|x64
		{054236E8-C086-448B-8C52-0CEB8CB4A1B2}.RadegastMacOS|x64.Build.0 = Release|x64
		{054236E8-C086-448B-8C52-0CEB8CB4A1B2}.RadegastMacOS|x86.ActiveCfg = Release|x86
		{054236E8-C086-448B-8C52-0CEB8CB4A1B2}.RadegastMacOS|x86.Build.0 = Release|x86
		{054236E8-C086-448B-8C52-0CEB8CB4A1B2}.RadegastWindows|Any CPU.ActiveCfg = Release|Any CPU
		{054236E8-C086-448B-8C52-0CEB8CB4A1B2}.RadegastWindows|Any CPU.Build.0 = Release|Any CPU
		{054236E8-C086-448B-8C52-0CEB8CB4A1B2}.RadegastWindows|ARM64.ActiveCfg = Release|ARM64
		{054236E8-C086-448B-8C52-0CEB8CB4A1B2}.RadegastWindows|ARM64.Build.0 = Release|ARM64
		{054236E8-C086-448B-8C52-0CEB8CB4A1B2}.RadegastWindows|x64.ActiveCfg = Release|x64
		{054236E8-C086-448B-8C52-0CEB8CB4A1B2}.RadegastWindows|x64.Build.0 = Release|x64
		{054236E8-C086-448B-8C52-0CEB8CB4A1B2}.RadegastWindows|x86.ActiveCfg = Release|x86
		{054236E8-C086-448B-8C52-0CEB8CB4A1B2}.RadegastWindows|x86.Build.0 = Release|x86
		{054236E8-C086-448B-8C52-0CEB8CB4A1B2}.Release|Any CPU.ActiveCfg = Release|Any CPU
		{054236E8-C086-448B-8C52-0CEB8CB4A1B2}.Release|Any CPU.Build.0 = Release|Any CPU
		{054236E8-C086-448B-8C52-0CEB8CB4A1B2}.Release|ARM64.ActiveCfg = Release|Any CPU
		{054236E8-C086-448B-8C52-0CEB8CB4A1B2}.Release|ARM64.Build.0 = Release|Any CPU
		{054236E8-C086-448B-8C52-0CEB8CB4A1B2}.Release|x64.ActiveCfg = Release|Any CPU
		{054236E8-C086-448B-8C52-0CEB8CB4A1B2}.Release|x64.Build.0 = Release|Any CPU
		{054236E8-C086-448B-8C52-0CEB8CB4A1B2}.Release|x86.ActiveCfg = Release|Any CPU
		{054236E8-C086-448B-8C52-0CEB8CB4A1B2}.Release|x86.Build.0 = Release|Any CPU
		{2C623B50-9239-4F08-B339-AC077D881365}.Debug|Any CPU.ActiveCfg = Debug|Any CPU
		{2C623B50-9239-4F08-B339-AC077D881365}.Debug|Any CPU.Build.0 = Debug|Any CPU
		{2C623B50-9239-4F08-B339-AC077D881365}.Debug|ARM64.ActiveCfg = Debug|ARM64
		{2C623B50-9239-4F08-B339-AC077D881365}.Debug|ARM64.Build.0 = Debug|ARM64
		{2C623B50-9239-4F08-B339-AC077D881365}.Debug|x64.ActiveCfg = Debug|x64
		{2C623B50-9239-4F08-B339-AC077D881365}.Debug|x64.Build.0 = Debug|x64
		{2C623B50-9239-4F08-B339-AC077D881365}.Debug|x86.ActiveCfg = Debug|x86
		{2C623B50-9239-4F08-B339-AC077D881365}.Debug|x86.Build.0 = Debug|x86
		{2C623B50-9239-4F08-B339-AC077D881365}.LegacyRadegast|Any CPU.ActiveCfg = Debug|Any CPU
		{2C623B50-9239-4F08-B339-AC077D881365}.LegacyRadegast|Any CPU.Build.0 = Debug|Any CPU
		{2C623B50-9239-4F08-B339-AC077D881365}.LegacyRadegast|ARM64.ActiveCfg = Debug|ARM64
		{2C623B50-9239-4F08-B339-AC077D881365}.LegacyRadegast|ARM64.Build.0 = Debug|ARM64
		{2C623B50-9239-4F08-B339-AC077D881365}.LegacyRadegast|x64.ActiveCfg = Debug|x64
		{2C623B50-9239-4F08-B339-AC077D881365}.LegacyRadegast|x64.Build.0 = Debug|x64
		{2C623B50-9239-4F08-B339-AC077D881365}.LegacyRadegast|x86.ActiveCfg = Debug|x86
		{2C623B50-9239-4F08-B339-AC077D881365}.LegacyRadegast|x86.Build.0 = Debug|x86
		{2C623B50-9239-4F08-B339-AC077D881365}.RadegastLinux|Any CPU.ActiveCfg = Debug|Any CPU
		{2C623B50-9239-4F08-B339-AC077D881365}.RadegastLinux|Any CPU.Build.0 = Debug|Any CPU
		{2C623B50-9239-4F08-B339-AC077D881365}.RadegastLinux|ARM64.ActiveCfg = Debug|ARM64
		{2C623B50-9239-4F08-B339-AC077D881365}.RadegastLinux|ARM64.Build.0 = Debug|ARM64
		{2C623B50-9239-4F08-B339-AC077D881365}.RadegastLinux|x64.ActiveCfg = Debug|x64
		{2C623B50-9239-4F08-B339-AC077D881365}.RadegastLinux|x64.Build.0 = Debug|x64
		{2C623B50-9239-4F08-B339-AC077D881365}.RadegastLinux|x86.ActiveCfg = Debug|x86
		{2C623B50-9239-4F08-B339-AC077D881365}.RadegastLinux|x86.Build.0 = Debug|x86
		{2C623B50-9239-4F08-B339-AC077D881365}.RadegastMacOS|Any CPU.ActiveCfg = Debug|Any CPU
		{2C623B50-9239-4F08-B339-AC077D881365}.RadegastMacOS|Any CPU.Build.0 = Debug|Any CPU
		{2C623B50-9239-4F08-B339-AC077D881365}.RadegastMacOS|ARM64.ActiveCfg = Debug|ARM64
		{2C623B50-9239-4F08-B339-AC077D881365}.RadegastMacOS|ARM64.Build.0 = Debug|ARM64
		{2C623B50-9239-4F08-B339-AC077D881365}.RadegastMacOS|x64.ActiveCfg = Debug|x64
		{2C623B50-9239-4F08-B339-AC077D881365}.RadegastMacOS|x64.Build.0 = Debug|x64
		{2C623B50-9239-4F08-B339-AC077D881365}.RadegastMacOS|x86.ActiveCfg = Debug|x86
		{2C623B50-9239-4F08-B339-AC077D881365}.RadegastMacOS|x86.Build.0 = Debug|x86
		{2C623B50-9239-4F08-B339-AC077D881365}.RadegastWindows|Any CPU.ActiveCfg = Debug|Any CPU
		{2C623B50-9239-4F08-B339-AC077D881365}.RadegastWindows|Any CPU.Build.0 = Debug|Any CPU
		{2C623B50-9239-4F08-B339-AC077D881365}.RadegastWindows|ARM64.ActiveCfg = Debug|ARM64
		{2C623B50-9239-4F08-B339-AC077D881365}.RadegastWindows|ARM64.Build.0 = Debug|ARM64
		{2C623B50-9239-4F08-B339-AC077D881365}.RadegastWindows|x64.ActiveCfg = Debug|x64
		{2C623B50-9239-4F08-B339-AC077D881365}.RadegastWindows|x64.Build.0 = Debug|x64
		{2C623B50-9239-4F08-B339-AC077D881365}.RadegastWindows|x86.ActiveCfg = Debug|x86
		{2C623B50-9239-4F08-B339-AC077D881365}.RadegastWindows|x86.Build.0 = Debug|x86
		{2C623B50-9239-4F08-B339-AC077D881365}.Release|Any CPU.ActiveCfg = Release|Any CPU
		{2C623B50-9239-4F08-B339-AC077D881365}.Release|Any CPU.Build.0 = Release|Any CPU
		{2C623B50-9239-4F08-B339-AC077D881365}.Release|ARM64.ActiveCfg = Release|ARM64
		{2C623B50-9239-4F08-B339-AC077D881365}.Release|ARM64.Build.0 = Release|ARM64
		{2C623B50-9239-4F08-B339-AC077D881365}.Release|x64.ActiveCfg = Release|x64
		{2C623B50-9239-4F08-B339-AC077D881365}.Release|x64.Build.0 = Release|x64
		{2C623B50-9239-4F08-B339-AC077D881365}.Release|x86.ActiveCfg = Release|x86
		{2C623B50-9239-4F08-B339-AC077D881365}.Release|x86.Build.0 = Release|x86
		{F314BB97-D9B0-4E8A-AE22-2E75853B6A18}.Debug|Any CPU.ActiveCfg = Debug|Any CPU
		{F314BB97-D9B0-4E8A-AE22-2E75853B6A18}.Debug|Any CPU.Build.0 = Debug|Any CPU
		{F314BB97-D9B0-4E8A-AE22-2E75853B6A18}.Debug|ARM64.ActiveCfg = Debug|ARM64
		{F314BB97-D9B0-4E8A-AE22-2E75853B6A18}.Debug|ARM64.Build.0 = Debug|ARM64
		{F314BB97-D9B0-4E8A-AE22-2E75853B6A18}.Debug|x64.ActiveCfg = Debug|x64
		{F314BB97-D9B0-4E8A-AE22-2E75853B6A18}.Debug|x64.Build.0 = Debug|x64
		{F314BB97-D9B0-4E8A-AE22-2E75853B6A18}.Debug|x86.ActiveCfg = Debug|x86
		{F314BB97-D9B0-4E8A-AE22-2E75853B6A18}.Debug|x86.Build.0 = Debug|x86
		{F314BB97-D9B0-4E8A-AE22-2E75853B6A18}.LegacyRadegast|Any CPU.ActiveCfg = Debug|Any CPU
		{F314BB97-D9B0-4E8A-AE22-2E75853B6A18}.LegacyRadegast|Any CPU.Build.0 = Debug|Any CPU
		{F314BB97-D9B0-4E8A-AE22-2E75853B6A18}.LegacyRadegast|ARM64.ActiveCfg = Debug|ARM64
		{F314BB97-D9B0-4E8A-AE22-2E75853B6A18}.LegacyRadegast|ARM64.Build.0 = Debug|ARM64
		{F314BB97-D9B0-4E8A-AE22-2E75853B6A18}.LegacyRadegast|x64.ActiveCfg = Debug|x64
		{F314BB97-D9B0-4E8A-AE22-2E75853B6A18}.LegacyRadegast|x64.Build.0 = Debug|x64
		{F314BB97-D9B0-4E8A-AE22-2E75853B6A18}.LegacyRadegast|x86.ActiveCfg = Debug|x86
		{F314BB97-D9B0-4E8A-AE22-2E75853B6A18}.LegacyRadegast|x86.Build.0 = Debug|x86
		{F314BB97-D9B0-4E8A-AE22-2E75853B6A18}.RadegastLinux|Any CPU.ActiveCfg = Debug|Any CPU
		{F314BB97-D9B0-4E8A-AE22-2E75853B6A18}.RadegastLinux|Any CPU.Build.0 = Debug|Any CPU
		{F314BB97-D9B0-4E8A-AE22-2E75853B6A18}.RadegastLinux|ARM64.ActiveCfg = Debug|ARM64
		{F314BB97-D9B0-4E8A-AE22-2E75853B6A18}.RadegastLinux|ARM64.Build.0 = Debug|ARM64
		{F314BB97-D9B0-4E8A-AE22-2E75853B6A18}.RadegastLinux|x64.ActiveCfg = Debug|x64
		{F314BB97-D9B0-4E8A-AE22-2E75853B6A18}.RadegastLinux|x64.Build.0 = Debug|x64
		{F314BB97-D9B0-4E8A-AE22-2E75853B6A18}.RadegastLinux|x86.ActiveCfg = Debug|x86
		{F314BB97-D9B0-4E8A-AE22-2E75853B6A18}.RadegastLinux|x86.Build.0 = Debug|x86
		{F314BB97-D9B0-4E8A-AE22-2E75853B6A18}.RadegastMacOS|Any CPU.ActiveCfg = Debug|Any CPU
		{F314BB97-D9B0-4E8A-AE22-2E75853B6A18}.RadegastMacOS|Any CPU.Build.0 = Debug|Any CPU
		{F314BB97-D9B0-4E8A-AE22-2E75853B6A18}.RadegastMacOS|ARM64.ActiveCfg = Debug|ARM64
		{F314BB97-D9B0-4E8A-AE22-2E75853B6A18}.RadegastMacOS|ARM64.Build.0 = Debug|ARM64
		{F314BB97-D9B0-4E8A-AE22-2E75853B6A18}.RadegastMacOS|x64.ActiveCfg = Debug|x64
		{F314BB97-D9B0-4E8A-AE22-2E75853B6A18}.RadegastMacOS|x64.Build.0 = Debug|x64
		{F314BB97-D9B0-4E8A-AE22-2E75853B6A18}.RadegastMacOS|x86.ActiveCfg = Debug|x86
		{F314BB97-D9B0-4E8A-AE22-2E75853B6A18}.RadegastMacOS|x86.Build.0 = Debug|x86
		{F314BB97-D9B0-4E8A-AE22-2E75853B6A18}.RadegastWindows|Any CPU.ActiveCfg = Debug|Any CPU
		{F314BB97-D9B0-4E8A-AE22-2E75853B6A18}.RadegastWindows|Any CPU.Build.0 = Debug|Any CPU
		{F314BB97-D9B0-4E8A-AE22-2E75853B6A18}.RadegastWindows|ARM64.ActiveCfg = Debug|ARM64
		{F314BB97-D9B0-4E8A-AE22-2E75853B6A18}.RadegastWindows|ARM64.Build.0 = Debug|ARM64
		{F314BB97-D9B0-4E8A-AE22-2E75853B6A18}.RadegastWindows|x64.ActiveCfg = Debug|x64
		{F314BB97-D9B0-4E8A-AE22-2E75853B6A18}.RadegastWindows|x64.Build.0 = Debug|x64
		{F314BB97-D9B0-4E8A-AE22-2E75853B6A18}.RadegastWindows|x86.ActiveCfg = Debug|x86
		{F314BB97-D9B0-4E8A-AE22-2E75853B6A18}.RadegastWindows|x86.Build.0 = Debug|x86
		{F314BB97-D9B0-4E8A-AE22-2E75853B6A18}.Release|Any CPU.ActiveCfg = Release|Any CPU
		{F314BB97-D9B0-4E8A-AE22-2E75853B6A18}.Release|Any CPU.Build.0 = Release|Any CPU
		{F314BB97-D9B0-4E8A-AE22-2E75853B6A18}.Release|ARM64.ActiveCfg = Release|ARM64
		{F314BB97-D9B0-4E8A-AE22-2E75853B6A18}.Release|ARM64.Build.0 = Release|ARM64
		{F314BB97-D9B0-4E8A-AE22-2E75853B6A18}.Release|x64.ActiveCfg = Release|x64
		{F314BB97-D9B0-4E8A-AE22-2E75853B6A18}.Release|x64.Build.0 = Release|x64
		{F314BB97-D9B0-4E8A-AE22-2E75853B6A18}.Release|x86.ActiveCfg = Release|x86
		{F314BB97-D9B0-4E8A-AE22-2E75853B6A18}.Release|x86.Build.0 = Release|x86
		{F7843198-B57E-4516-AB8A-98FB0DE54D87}.Debug|Any CPU.ActiveCfg = Debug|Any CPU
		{F7843198-B57E-4516-AB8A-98FB0DE54D87}.Debug|Any CPU.Build.0 = Debug|Any CPU
		{F7843198-B57E-4516-AB8A-98FB0DE54D87}.Debug|ARM64.ActiveCfg = Debug|ARM64
		{F7843198-B57E-4516-AB8A-98FB0DE54D87}.Debug|ARM64.Build.0 = Debug|ARM64
		{F7843198-B57E-4516-AB8A-98FB0DE54D87}.Debug|x64.ActiveCfg = Debug|x64
		{F7843198-B57E-4516-AB8A-98FB0DE54D87}.Debug|x64.Build.0 = Debug|x64
		{F7843198-B57E-4516-AB8A-98FB0DE54D87}.Debug|x86.ActiveCfg = Debug|x86
		{F7843198-B57E-4516-AB8A-98FB0DE54D87}.Debug|x86.Build.0 = Debug|x86
		{F7843198-B57E-4516-AB8A-98FB0DE54D87}.LegacyRadegast|Any CPU.ActiveCfg = Debug|Any CPU
		{F7843198-B57E-4516-AB8A-98FB0DE54D87}.LegacyRadegast|Any CPU.Build.0 = Debug|Any CPU
		{F7843198-B57E-4516-AB8A-98FB0DE54D87}.LegacyRadegast|ARM64.ActiveCfg = Debug|ARM64
		{F7843198-B57E-4516-AB8A-98FB0DE54D87}.LegacyRadegast|ARM64.Build.0 = Debug|ARM64
		{F7843198-B57E-4516-AB8A-98FB0DE54D87}.LegacyRadegast|x64.ActiveCfg = Debug|x64
		{F7843198-B57E-4516-AB8A-98FB0DE54D87}.LegacyRadegast|x64.Build.0 = Debug|x64
		{F7843198-B57E-4516-AB8A-98FB0DE54D87}.LegacyRadegast|x86.ActiveCfg = Debug|x86
		{F7843198-B57E-4516-AB8A-98FB0DE54D87}.LegacyRadegast|x86.Build.0 = Debug|x86
		{F7843198-B57E-4516-AB8A-98FB0DE54D87}.RadegastLinux|Any CPU.ActiveCfg = Debug|Any CPU
		{F7843198-B57E-4516-AB8A-98FB0DE54D87}.RadegastLinux|Any CPU.Build.0 = Debug|Any CPU
		{F7843198-B57E-4516-AB8A-98FB0DE54D87}.RadegastLinux|ARM64.ActiveCfg = Debug|ARM64
		{F7843198-B57E-4516-AB8A-98FB0DE54D87}.RadegastLinux|ARM64.Build.0 = Debug|ARM64
		{F7843198-B57E-4516-AB8A-98FB0DE54D87}.RadegastLinux|x64.ActiveCfg = Debug|x64
		{F7843198-B57E-4516-AB8A-98FB0DE54D87}.RadegastLinux|x64.Build.0 = Debug|x64
		{F7843198-B57E-4516-AB8A-98FB0DE54D87}.RadegastLinux|x86.ActiveCfg = Debug|x86
		{F7843198-B57E-4516-AB8A-98FB0DE54D87}.RadegastLinux|x86.Build.0 = Debug|x86
		{F7843198-B57E-4516-AB8A-98FB0DE54D87}.RadegastMacOS|Any CPU.ActiveCfg = Debug|Any CPU
		{F7843198-B57E-4516-AB8A-98FB0DE54D87}.RadegastMacOS|Any CPU.Build.0 = Debug|Any CPU
		{F7843198-B57E-4516-AB8A-98FB0DE54D87}.RadegastMacOS|ARM64.ActiveCfg = Debug|ARM64
		{F7843198-B57E-4516-AB8A-98FB0DE54D87}.RadegastMacOS|ARM64.Build.0 = Debug|ARM64
		{F7843198-B57E-4516-AB8A-98FB0DE54D87}.RadegastMacOS|x64.ActiveCfg = Debug|x64
		{F7843198-B57E-4516-AB8A-98FB0DE54D87}.RadegastMacOS|x64.Build.0 = Debug|x64
		{F7843198-B57E-4516-AB8A-98FB0DE54D87}.RadegastMacOS|x86.ActiveCfg = Debug|x86
		{F7843198-B57E-4516-AB8A-98FB0DE54D87}.RadegastMacOS|x86.Build.0 = Debug|x86
		{F7843198-B57E-4516-AB8A-98FB0DE54D87}.RadegastWindows|Any CPU.ActiveCfg = Debug|Any CPU
		{F7843198-B57E-4516-AB8A-98FB0DE54D87}.RadegastWindows|Any CPU.Build.0 = Debug|Any CPU
		{F7843198-B57E-4516-AB8A-98FB0DE54D87}.RadegastWindows|ARM64.ActiveCfg = Debug|ARM64
		{F7843198-B57E-4516-AB8A-98FB0DE54D87}.RadegastWindows|ARM64.Build.0 = Debug|ARM64
		{F7843198-B57E-4516-AB8A-98FB0DE54D87}.RadegastWindows|x64.ActiveCfg = Debug|x64
		{F7843198-B57E-4516-AB8A-98FB0DE54D87}.RadegastWindows|x64.Build.0 = Debug|x64
		{F7843198-B57E-4516-AB8A-98FB0DE54D87}.RadegastWindows|x86.ActiveCfg = Debug|x86
		{F7843198-B57E-4516-AB8A-98FB0DE54D87}.RadegastWindows|x86.Build.0 = Debug|x86
		{F7843198-B57E-4516-AB8A-98FB0DE54D87}.Release|Any CPU.ActiveCfg = Release|Any CPU
		{F7843198-B57E-4516-AB8A-98FB0DE54D87}.Release|Any CPU.Build.0 = Release|Any CPU
		{F7843198-B57E-4516-AB8A-98FB0DE54D87}.Release|ARM64.ActiveCfg = Release|ARM64
		{F7843198-B57E-4516-AB8A-98FB0DE54D87}.Release|ARM64.Build.0 = Release|ARM64
		{F7843198-B57E-4516-AB8A-98FB0DE54D87}.Release|x64.ActiveCfg = Release|x64
		{F7843198-B57E-4516-AB8A-98FB0DE54D87}.Release|x64.Build.0 = Release|x64
		{F7843198-B57E-4516-AB8A-98FB0DE54D87}.Release|x86.ActiveCfg = Release|x86
		{F7843198-B57E-4516-AB8A-98FB0DE54D87}.Release|x86.Build.0 = Release|x86
		{17D1DC5B-6CEE-FF16-3F2D-C95A9140806E}.Debug|Any CPU.ActiveCfg = Debug|Any CPU
		{17D1DC5B-6CEE-FF16-3F2D-C95A9140806E}.Debug|Any CPU.Build.0 = Debug|Any CPU
		{17D1DC5B-6CEE-FF16-3F2D-C95A9140806E}.Debug|ARM64.ActiveCfg = Debug|ARM64
		{17D1DC5B-6CEE-FF16-3F2D-C95A9140806E}.Debug|ARM64.Build.0 = Debug|ARM64
		{17D1DC5B-6CEE-FF16-3F2D-C95A9140806E}.Debug|x64.ActiveCfg = Debug|x64
		{17D1DC5B-6CEE-FF16-3F2D-C95A9140806E}.Debug|x64.Build.0 = Debug|x64
		{17D1DC5B-6CEE-FF16-3F2D-C95A9140806E}.Debug|x86.ActiveCfg = Debug|x86
		{17D1DC5B-6CEE-FF16-3F2D-C95A9140806E}.Debug|x86.Build.0 = Debug|x86
		{17D1DC5B-6CEE-FF16-3F2D-C95A9140806E}.LegacyRadegast|Any CPU.ActiveCfg = Debug|Any CPU
		{17D1DC5B-6CEE-FF16-3F2D-C95A9140806E}.LegacyRadegast|Any CPU.Build.0 = Debug|Any CPU
		{17D1DC5B-6CEE-FF16-3F2D-C95A9140806E}.LegacyRadegast|ARM64.ActiveCfg = Debug|ARM64
		{17D1DC5B-6CEE-FF16-3F2D-C95A9140806E}.LegacyRadegast|ARM64.Build.0 = Debug|ARM64
		{17D1DC5B-6CEE-FF16-3F2D-C95A9140806E}.LegacyRadegast|x64.ActiveCfg = Debug|x64
		{17D1DC5B-6CEE-FF16-3F2D-C95A9140806E}.LegacyRadegast|x64.Build.0 = Debug|x64
		{17D1DC5B-6CEE-FF16-3F2D-C95A9140806E}.LegacyRadegast|x86.ActiveCfg = Debug|x86
		{17D1DC5B-6CEE-FF16-3F2D-C95A9140806E}.LegacyRadegast|x86.Build.0 = Debug|x86
		{17D1DC5B-6CEE-FF16-3F2D-C95A9140806E}.RadegastLinux|Any CPU.ActiveCfg = Debug|Any CPU
		{17D1DC5B-6CEE-FF16-3F2D-C95A9140806E}.RadegastLinux|Any CPU.Build.0 = Debug|Any CPU
		{17D1DC5B-6CEE-FF16-3F2D-C95A9140806E}.RadegastLinux|ARM64.ActiveCfg = Debug|ARM64
		{17D1DC5B-6CEE-FF16-3F2D-C95A9140806E}.RadegastLinux|ARM64.Build.0 = Debug|ARM64
		{17D1DC5B-6CEE-FF16-3F2D-C95A9140806E}.RadegastLinux|x64.ActiveCfg = Debug|x64
		{17D1DC5B-6CEE-FF16-3F2D-C95A9140806E}.RadegastLinux|x64.Build.0 = Debug|x64
		{17D1DC5B-6CEE-FF16-3F2D-C95A9140806E}.RadegastLinux|x86.ActiveCfg = Debug|x86
		{17D1DC5B-6CEE-FF16-3F2D-C95A9140806E}.RadegastLinux|x86.Build.0 = Debug|x86
		{17D1DC5B-6CEE-FF16-3F2D-C95A9140806E}.RadegastMacOS|Any CPU.ActiveCfg = Debug|Any CPU
		{17D1DC5B-6CEE-FF16-3F2D-C95A9140806E}.RadegastMacOS|Any CPU.Build.0 = Debug|Any CPU
		{17D1DC5B-6CEE-FF16-3F2D-C95A9140806E}.RadegastMacOS|ARM64.ActiveCfg = Debug|ARM64
		{17D1DC5B-6CEE-FF16-3F2D-C95A9140806E}.RadegastMacOS|ARM64.Build.0 = Debug|ARM64
		{17D1DC5B-6CEE-FF16-3F2D-C95A9140806E}.RadegastMacOS|x64.ActiveCfg = Debug|x64
		{17D1DC5B-6CEE-FF16-3F2D-C95A9140806E}.RadegastMacOS|x64.Build.0 = Debug|x64
		{17D1DC5B-6CEE-FF16-3F2D-C95A9140806E}.RadegastMacOS|x86.ActiveCfg = Debug|x86
		{17D1DC5B-6CEE-FF16-3F2D-C95A9140806E}.RadegastMacOS|x86.Build.0 = Debug|x86
		{17D1DC5B-6CEE-FF16-3F2D-C95A9140806E}.RadegastWindows|Any CPU.ActiveCfg = Debug|Any CPU
		{17D1DC5B-6CEE-FF16-3F2D-C95A9140806E}.RadegastWindows|Any CPU.Build.0 = Debug|Any CPU
		{17D1DC5B-6CEE-FF16-3F2D-C95A9140806E}.RadegastWindows|ARM64.ActiveCfg = Debug|ARM64
		{17D1DC5B-6CEE-FF16-3F2D-C95A9140806E}.RadegastWindows|ARM64.Build.0 = Debug|ARM64
		{17D1DC5B-6CEE-FF16-3F2D-C95A9140806E}.RadegastWindows|x64.ActiveCfg = Debug|x64
		{17D1DC5B-6CEE-FF16-3F2D-C95A9140806E}.RadegastWindows|x64.Build.0 = Debug|x64
		{17D1DC5B-6CEE-FF16-3F2D-C95A9140806E}.RadegastWindows|x86.ActiveCfg = Debug|x86
		{17D1DC5B-6CEE-FF16-3F2D-C95A9140806E}.RadegastWindows|x86.Build.0 = Debug|x86
		{17D1DC5B-6CEE-FF16-3F2D-C95A9140806E}.Release|Any CPU.ActiveCfg = Release|Any CPU
		{17D1DC5B-6CEE-FF16-3F2D-C95A9140806E}.Release|Any CPU.Build.0 = Release|Any CPU
		{17D1DC5B-6CEE-FF16-3F2D-C95A9140806E}.Release|ARM64.ActiveCfg = Release|ARM64
		{17D1DC5B-6CEE-FF16-3F2D-C95A9140806E}.Release|ARM64.Build.0 = Release|ARM64
		{17D1DC5B-6CEE-FF16-3F2D-C95A9140806E}.Release|x64.ActiveCfg = Release|x64
		{17D1DC5B-6CEE-FF16-3F2D-C95A9140806E}.Release|x64.Build.0 = Release|x64
		{17D1DC5B-6CEE-FF16-3F2D-C95A9140806E}.Release|x86.ActiveCfg = Release|x86
		{17D1DC5B-6CEE-FF16-3F2D-C95A9140806E}.Release|x86.Build.0 = Release|x86
		{1E5CB5BD-4542-48E0-8AA5-EC3E89D7A187}.Debug|Any CPU.ActiveCfg = Debug|Any CPU
		{1E5CB5BD-4542-48E0-8AA5-EC3E89D7A187}.Debug|Any CPU.Build.0 = Debug|Any CPU
		{1E5CB5BD-4542-48E0-8AA5-EC3E89D7A187}.Debug|ARM64.ActiveCfg = Debug|ARM64
		{1E5CB5BD-4542-48E0-8AA5-EC3E89D7A187}.Debug|ARM64.Build.0 = Debug|ARM64
		{1E5CB5BD-4542-48E0-8AA5-EC3E89D7A187}.Debug|x64.ActiveCfg = Debug|x64
		{1E5CB5BD-4542-48E0-8AA5-EC3E89D7A187}.Debug|x64.Build.0 = Debug|x64
		{1E5CB5BD-4542-48E0-8AA5-EC3E89D7A187}.Debug|x86.ActiveCfg = Debug|x86
		{1E5CB5BD-4542-48E0-8AA5-EC3E89D7A187}.Debug|x86.Build.0 = Debug|x86
		{1E5CB5BD-4542-48E0-8AA5-EC3E89D7A187}.LegacyRadegast|Any CPU.ActiveCfg = Debug|Any CPU
		{1E5CB5BD-4542-48E0-8AA5-EC3E89D7A187}.LegacyRadegast|Any CPU.Build.0 = Debug|Any CPU
		{1E5CB5BD-4542-48E0-8AA5-EC3E89D7A187}.LegacyRadegast|ARM64.ActiveCfg = Debug|ARM64
		{1E5CB5BD-4542-48E0-8AA5-EC3E89D7A187}.LegacyRadegast|ARM64.Build.0 = Debug|ARM64
		{1E5CB5BD-4542-48E0-8AA5-EC3E89D7A187}.LegacyRadegast|x64.ActiveCfg = Debug|x64
		{1E5CB5BD-4542-48E0-8AA5-EC3E89D7A187}.LegacyRadegast|x64.Build.0 = Debug|x64
		{1E5CB5BD-4542-48E0-8AA5-EC3E89D7A187}.LegacyRadegast|x86.ActiveCfg = Debug|x86
		{1E5CB5BD-4542-48E0-8AA5-EC3E89D7A187}.LegacyRadegast|x86.Build.0 = Debug|x86
		{1E5CB5BD-4542-48E0-8AA5-EC3E89D7A187}.RadegastLinux|Any CPU.ActiveCfg = Debug|Any CPU
		{1E5CB5BD-4542-48E0-8AA5-EC3E89D7A187}.RadegastLinux|Any CPU.Build.0 = Debug|Any CPU
		{1E5CB5BD-4542-48E0-8AA5-EC3E89D7A187}.RadegastLinux|ARM64.ActiveCfg = Debug|ARM64
		{1E5CB5BD-4542-48E0-8AA5-EC3E89D7A187}.RadegastLinux|ARM64.Build.0 = Debug|ARM64
		{1E5CB5BD-4542-48E0-8AA5-EC3E89D7A187}.RadegastLinux|x64.ActiveCfg = Debug|x64
		{1E5CB5BD-4542-48E0-8AA5-EC3E89D7A187}.RadegastLinux|x64.Build.0 = Debug|x64
		{1E5CB5BD-4542-48E0-8AA5-EC3E89D7A187}.RadegastLinux|x86.ActiveCfg = Debug|x86
		{1E5CB5BD-4542-48E0-8AA5-EC3E89D7A187}.RadegastLinux|x86.Build.0 = Debug|x86
		{1E5CB5BD-4542-48E0-8AA5-EC3E89D7A187}.RadegastMacOS|Any CPU.ActiveCfg = Debug|Any CPU
		{1E5CB5BD-4542-48E0-8AA5-EC3E89D7A187}.RadegastMacOS|Any CPU.Build.0 = Debug|Any CPU
		{1E5CB5BD-4542-48E0-8AA5-EC3E89D7A187}.RadegastMacOS|ARM64.ActiveCfg = Debug|ARM64
		{1E5CB5BD-4542-48E0-8AA5-EC3E89D7A187}.RadegastMacOS|ARM64.Build.0 = Debug|ARM64
		{1E5CB5BD-4542-48E0-8AA5-EC3E89D7A187}.RadegastMacOS|x64.ActiveCfg = Debug|x64
		{1E5CB5BD-4542-48E0-8AA5-EC3E89D7A187}.RadegastMacOS|x64.Build.0 = Debug|x64
		{1E5CB5BD-4542-48E0-8AA5-EC3E89D7A187}.RadegastMacOS|x86.ActiveCfg = Debug|x86
		{1E5CB5BD-4542-48E0-8AA5-EC3E89D7A187}.RadegastMacOS|x86.Build.0 = Debug|x86
		{1E5CB5BD-4542-48E0-8AA5-EC3E89D7A187}.RadegastWindows|Any CPU.ActiveCfg = Debug|Any CPU
		{1E5CB5BD-4542-48E0-8AA5-EC3E89D7A187}.RadegastWindows|Any CPU.Build.0 = Debug|Any CPU
		{1E5CB5BD-4542-48E0-8AA5-EC3E89D7A187}.RadegastWindows|ARM64.ActiveCfg = Debug|ARM64
		{1E5CB5BD-4542-48E0-8AA5-EC3E89D7A187}.RadegastWindows|ARM64.Build.0 = Debug|ARM64
		{1E5CB5BD-4542-48E0-8AA5-EC3E89D7A187}.RadegastWindows|x64.ActiveCfg = Debug|x64
		{1E5CB5BD-4542-48E0-8AA5-EC3E89D7A187}.RadegastWindows|x64.Build.0 = Debug|x64
		{1E5CB5BD-4542-48E0-8AA5-EC3E89D7A187}.RadegastWindows|x86.ActiveCfg = Debug|x86
		{1E5CB5BD-4542-48E0-8AA5-EC3E89D7A187}.RadegastWindows|x86.Build.0 = Debug|x86
		{1E5CB5BD-4542-48E0-8AA5-EC3E89D7A187}.Release|Any CPU.ActiveCfg = Release|Any CPU
		{1E5CB5BD-4542-48E0-8AA5-EC3E89D7A187}.Release|Any CPU.Build.0 = Release|Any CPU
		{1E5CB5BD-4542-48E0-8AA5-EC3E89D7A187}.Release|ARM64.ActiveCfg = Release|ARM64
		{1E5CB5BD-4542-48E0-8AA5-EC3E89D7A187}.Release|ARM64.Build.0 = Release|ARM64
		{1E5CB5BD-4542-48E0-8AA5-EC3E89D7A187}.Release|x64.ActiveCfg = Release|x64
		{1E5CB5BD-4542-48E0-8AA5-EC3E89D7A187}.Release|x64.Build.0 = Release|x64
		{1E5CB5BD-4542-48E0-8AA5-EC3E89D7A187}.Release|x86.ActiveCfg = Release|x86
		{1E5CB5BD-4542-48E0-8AA5-EC3E89D7A187}.Release|x86.Build.0 = Release|x86
		{DED0B0B0-A1CF-4DBE-BC18-77B2203CC65D}.Debug|Any CPU.ActiveCfg = Debug|Any CPU
		{DED0B0B0-A1CF-4DBE-BC18-77B2203CC65D}.Debug|Any CPU.Build.0 = Debug|Any CPU
		{DED0B0B0-A1CF-4DBE-BC18-77B2203CC65D}.Debug|ARM64.ActiveCfg = Debug|Any CPU
		{DED0B0B0-A1CF-4DBE-BC18-77B2203CC65D}.Debug|ARM64.Build.0 = Debug|Any CPU
		{DED0B0B0-A1CF-4DBE-BC18-77B2203CC65D}.Debug|x64.ActiveCfg = Debug|Any CPU
		{DED0B0B0-A1CF-4DBE-BC18-77B2203CC65D}.Debug|x64.Build.0 = Debug|Any CPU
		{DED0B0B0-A1CF-4DBE-BC18-77B2203CC65D}.Debug|x86.ActiveCfg = Debug|Any CPU
		{DED0B0B0-A1CF-4DBE-BC18-77B2203CC65D}.Debug|x86.Build.0 = Debug|Any CPU
		{DED0B0B0-A1CF-4DBE-BC18-77B2203CC65D}.LegacyRadegast|Any CPU.ActiveCfg = Debug|Any CPU
		{DED0B0B0-A1CF-4DBE-BC18-77B2203CC65D}.LegacyRadegast|Any CPU.Build.0 = Debug|Any CPU
		{DED0B0B0-A1CF-4DBE-BC18-77B2203CC65D}.LegacyRadegast|ARM64.ActiveCfg = Debug|Any CPU
		{DED0B0B0-A1CF-4DBE-BC18-77B2203CC65D}.LegacyRadegast|ARM64.Build.0 = Debug|Any CPU
		{DED0B0B0-A1CF-4DBE-BC18-77B2203CC65D}.LegacyRadegast|x64.ActiveCfg = Debug|Any CPU
		{DED0B0B0-A1CF-4DBE-BC18-77B2203CC65D}.LegacyRadegast|x64.Build.0 = Debug|Any CPU
		{DED0B0B0-A1CF-4DBE-BC18-77B2203CC65D}.LegacyRadegast|x86.ActiveCfg = Debug|Any CPU
		{DED0B0B0-A1CF-4DBE-BC18-77B2203CC65D}.LegacyRadegast|x86.Build.0 = Debug|Any CPU
		{DED0B0B0-A1CF-4DBE-BC18-77B2203CC65D}.RadegastLinux|Any CPU.ActiveCfg = Debug|Any CPU
		{DED0B0B0-A1CF-4DBE-BC18-77B2203CC65D}.RadegastLinux|Any CPU.Build.0 = Debug|Any CPU
		{DED0B0B0-A1CF-4DBE-BC18-77B2203CC65D}.RadegastLinux|ARM64.ActiveCfg = Debug|Any CPU
		{DED0B0B0-A1CF-4DBE-BC18-77B2203CC65D}.RadegastLinux|ARM64.Build.0 = Debug|Any CPU
		{DED0B0B0-A1CF-4DBE-BC18-77B2203CC65D}.RadegastLinux|x64.ActiveCfg = Debug|Any CPU
		{DED0B0B0-A1CF-4DBE-BC18-77B2203CC65D}.RadegastLinux|x64.Build.0 = Debug|Any CPU
		{DED0B0B0-A1CF-4DBE-BC18-77B2203CC65D}.RadegastLinux|x86.ActiveCfg = Debug|Any CPU
		{DED0B0B0-A1CF-4DBE-BC18-77B2203CC65D}.RadegastLinux|x86.Build.0 = Debug|Any CPU
		{DED0B0B0-A1CF-4DBE-BC18-77B2203CC65D}.RadegastMacOS|Any CPU.ActiveCfg = Debug|Any CPU
		{DED0B0B0-A1CF-4DBE-BC18-77B2203CC65D}.RadegastMacOS|Any CPU.Build.0 = Debug|Any CPU
		{DED0B0B0-A1CF-4DBE-BC18-77B2203CC65D}.RadegastMacOS|ARM64.ActiveCfg = Debug|Any CPU
		{DED0B0B0-A1CF-4DBE-BC18-77B2203CC65D}.RadegastMacOS|ARM64.Build.0 = Debug|Any CPU
		{DED0B0B0-A1CF-4DBE-BC18-77B2203CC65D}.RadegastMacOS|x64.ActiveCfg = Debug|Any CPU
		{DED0B0B0-A1CF-4DBE-BC18-77B2203CC65D}.RadegastMacOS|x64.Build.0 = Debug|Any CPU
		{DED0B0B0-A1CF-4DBE-BC18-77B2203CC65D}.RadegastMacOS|x86.ActiveCfg = Debug|Any CPU
		{DED0B0B0-A1CF-4DBE-BC18-77B2203CC65D}.RadegastMacOS|x86.Build.0 = Debug|Any CPU
		{DED0B0B0-A1CF-4DBE-BC18-77B2203CC65D}.RadegastWindows|Any CPU.ActiveCfg = Debug|Any CPU
		{DED0B0B0-A1CF-4DBE-BC18-77B2203CC65D}.RadegastWindows|Any CPU.Build.0 = Debug|Any CPU
		{DED0B0B0-A1CF-4DBE-BC18-77B2203CC65D}.RadegastWindows|ARM64.ActiveCfg = Debug|Any CPU
		{DED0B0B0-A1CF-4DBE-BC18-77B2203CC65D}.RadegastWindows|ARM64.Build.0 = Debug|Any CPU
		{DED0B0B0-A1CF-4DBE-BC18-77B2203CC65D}.RadegastWindows|x64.ActiveCfg = Debug|Any CPU
		{DED0B0B0-A1CF-4DBE-BC18-77B2203CC65D}.RadegastWindows|x64.Build.0 = Debug|Any CPU
		{DED0B0B0-A1CF-4DBE-BC18-77B2203CC65D}.RadegastWindows|x86.ActiveCfg = Debug|Any CPU
		{DED0B0B0-A1CF-4DBE-BC18-77B2203CC65D}.RadegastWindows|x86.Build.0 = Debug|Any CPU
		{DED0B0B0-A1CF-4DBE-BC18-77B2203CC65D}.Release|Any CPU.ActiveCfg = Release|Any CPU
		{DED0B0B0-A1CF-4DBE-BC18-77B2203CC65D}.Release|Any CPU.Build.0 = Release|Any CPU
		{DED0B0B0-A1CF-4DBE-BC18-77B2203CC65D}.Release|ARM64.ActiveCfg = Release|Any CPU
		{DED0B0B0-A1CF-4DBE-BC18-77B2203CC65D}.Release|ARM64.Build.0 = Release|Any CPU
		{DED0B0B0-A1CF-4DBE-BC18-77B2203CC65D}.Release|x64.ActiveCfg = Release|Any CPU
		{DED0B0B0-A1CF-4DBE-BC18-77B2203CC65D}.Release|x64.Build.0 = Release|Any CPU
		{DED0B0B0-A1CF-4DBE-BC18-77B2203CC65D}.Release|x86.ActiveCfg = Release|Any CPU
		{DED0B0B0-A1CF-4DBE-BC18-77B2203CC65D}.Release|x86.Build.0 = Release|Any CPU
	EndGlobalSection
	GlobalSection(SolutionProperties) = preSolution
		HideSolutionNode = FALSE
	EndGlobalSection
	GlobalSection(NestedProjects) = preSolution
		{F02F3C44-DCFC-964F-0516-85F7F141CCDD} = {BB000001-0000-0000-0000-000000000000}
		{F9B15290-651E-0E8B-2E12-A6E89A3D30F3} = {EE000001-0000-0000-0000-000000000000}
		{6CADC6BB-D8C5-ADE5-A172-3D7F0D4A427F} = {EE000001-0000-0000-0000-000000000000}
		{195B1187-85BC-EE94-0E2A-35477A8A2554} = {EE000001-0000-0000-0000-000000000000}
		{9305ECC4-7FFF-1417-686C-AB2754057B83} = {EE000001-0000-0000-0000-000000000000}
		{17A48A95-0307-1A3A-AC8C-52F098CEE5BC} = {FF000001-0000-0000-0000-000000000000}
		{E2D28A95-CE35-1A3A-77BB-52F063FDE5BC} = {FF000001-0000-0000-0000-000000000000}
		{45A78A95-310A-1A3A-DA8F-52F0C6D1E5BC} = {FF000001-0000-0000-0000-000000000000}
		{EE100001-0000-0000-0000-000000000000} = {A1000002-0000-0000-0000-000000000000}
		{EE200001-0000-0000-0000-000000000000} = {A1000002-0000-0000-0000-000000000000}
		{A1000002-0000-0000-0000-000000000000} = {AA000001-0000-0000-0000-000000000000}
		{CCCC26B5-AA17-47D8-8D5D-707A78EC9A10} = {A0000001-0000-0000-0000-000000000000}
		{0F0271AF-0841-45A5-8737-9239550839B7} = {A0000001-0000-0000-0000-000000000000}
		{F08F7BF4-013C-476A-A88C-62E9E2E8CC79} = {CC000001-0000-0000-0000-000000000000}
		{84E96860-76E1-40F9-843A-43C9BFB5F080} = {CC000001-0000-0000-0000-000000000000}
		{B24160BE-4628-4618-8C41-B64AA1BAEA2C} = {AA000001-0000-0000-0000-000000000000}
		{EE000001-0000-0000-0000-000000000000} = {BB000001-0000-0000-0000-000000000000}
		{FF000001-0000-0000-0000-000000000000} = {EE000001-0000-0000-0000-000000000000}
		{A0000001-0000-0000-0000-000000000000} = {BB000001-0000-0000-0000-000000000000}
		{602AA2C1-06D7-41B8-B611-B3933D2A0777} = {AA000001-0000-0000-0000-000000000000}
		{4310C25D-A571-44D2-912B-55844B09F7C0} = {01A3B310-151E-EE70-5CF3-590CE82F86DA}
		{054236E8-C086-448B-8C52-0CEB8CB4A1B2} = {01A3B310-151E-EE70-5CF3-590CE82F86DA}
		{2C623B50-9239-4F08-B339-AC077D881365} = {01A3B310-151E-EE70-5CF3-590CE82F86DA}
		{F314BB97-D9B0-4E8A-AE22-2E75853B6A18} = {01A3B310-151E-EE70-5CF3-590CE82F86DA}
		{01A3B310-151E-EE70-5CF3-590CE82F86DA} = {AA000001-0000-0000-0000-000000000000}
		{F7843198-B57E-4516-AB8A-98FB0DE54D87} = {01A3B310-151E-EE70-5CF3-590CE82F86DA}
		{17D1DC5B-6CEE-FF16-3F2D-C95A9140806E} = {01A3B310-151E-EE70-5CF3-590CE82F86DA}
		{1E5CB5BD-4542-48E0-8AA5-EC3E89D7A187} = {01A3B310-151E-EE70-5CF3-590CE82F86DA}
		{DED0B0B0-A1CF-4DBE-BC18-77B2203CC65D} = {02EA681E-C7D8-13C7-8484-4AC65E1B71E8}
	EndGlobalSection
	GlobalSection(ExtensibilityGlobals) = postSolution
		SolutionGuid = {826CED37-F899-43A9-8117-21878E146F81}
	EndGlobalSection
EndGlobal
